// !$*UTF8*$!
{
	archiveVersion = 1;
	classes = {
	};
	objectVersion = 70;
	objects = {

/* Begin PBXBuildFile section */
		717ACA1D2F5B6EB400708CA6 /* AdhkarFeature+Destination.swift in Sources */ = {isa = PBXBuildFile; fileRef = 717ACA1C2F5B6EB400708CA6 /* AdhkarFeature+Destination.swift */; };
		719899D02F59F76500BC65FB /* SwiftNavigation in Frameworks */ = {isa = PBXBuildFile; productRef = 719899CF2F59F76500BC65FB /* SwiftNavigation */; };
		719899D22F59F76500BC65FB /* SwiftUINavigation in Frameworks */ = {isa = PBXBuildFile; productRef = 719899D12F59F76500BC65FB /* SwiftUINavigation */; };
		D9089CE42CFDC16D00881BB6 /* IbadRepositories in Frameworks */ = {isa = PBXBuildFile; productRef = D9089CE32CFDC16D00881BB6 /* IbadRepositories */; };
		D9170D522CEFDE41006E45D5 /* WebLinks.swift in Sources */ = {isa = PBXBuildFile; fileRef = D9170D512CEFDE15006E45D5 /* WebLinks.swift */; };
		D9170D552CEFE554006E45D5 /* HelpFeature.swift in Sources */ = {isa = PBXBuildFile; fileRef = D9170D542CEFE552006E45D5 /* HelpFeature.swift */; };
		D9170D572CEFE558006E45D5 /* HelpView.swift in Sources */ = {isa = PBXBuildFile; fileRef = D9170D562CEFE557006E45D5 /* HelpView.swift */; };
		D9170D5A2CF0974E006E45D5 /* AdhkarFeature.swift in Sources */ = {isa = PBXBuildFile; fileRef = D9170D592CF0974B006E45D5 /* AdhkarFeature.swift */; };
		D9170D5C2CF09754006E45D5 /* AdhkarView.swift in Sources */ = {isa = PBXBuildFile; fileRef = D9170D5B2CF09751006E45D5 /* AdhkarView.swift */; };
		D9170D5F2CF0A5BD006E45D5 /* EditPrayerTimesFeature.swift in Sources */ = {isa = PBXBuildFile; fileRef = D9170D5E2CF0A5B9006E45D5 /* EditPrayerTimesFeature.swift */; };
		D9170D612CF0A5C3006E45D5 /* EditPrayerTimesView.swift in Sources */ = {isa = PBXBuildFile; fileRef = D9170D602CF0A5BF006E45D5 /* EditPrayerTimesView.swift */; };
		D9170D632CF0A64D006E45D5 /* PrayerTimesFeature+Destination.swift in Sources */ = {isa = PBXBuildFile; fileRef = D9170D622CF0A648006E45D5 /* PrayerTimesFeature+Destination.swift */; };
		D9170D692CF0B1EF006E45D5 /* EditSinglePrayerTimeFeature.swift in Sources */ = {isa = PBXBuildFile; fileRef = D9170D682CF0B1E9006E45D5 /* EditSinglePrayerTimeFeature.swift */; };
		D9170D6B2CF0B1F7006E45D5 /* EditSinglePrayerTimeView.swift in Sources */ = {isa = PBXBuildFile; fileRef = D9170D6A2CF0B1F3006E45D5 /* EditSinglePrayerTimeView.swift */; };
		D9170D6D2CF0D1E1006E45D5 /* PrayerTimesOffset.swift in Sources */ = {isa = PBXBuildFile; fileRef = D9170D6C2CF0D1DA006E45D5 /* PrayerTimesOffset.swift */; };
		D9170D6F2CF0D5F7006E45D5 /* Prayer.swift in Sources */ = {isa = PBXBuildFile; fileRef = D9170D6E2CF0D5F1006E45D5 /* Prayer.swift */; };
		D91BF1232D3FDABD00BEB410 /* GoogleService-Info-Debug.plist in Resources */ = {isa = PBXBuildFile; fileRef = D91BF1222D3FDABD00BEB410 /* GoogleService-Info-Debug.plist */; };
		D91BF1262D3FDB9800BEB410 /* FirebaseAnalytics in Frameworks */ = {isa = PBXBuildFile; productRef = D91BF1252D3FDB9800BEB410 /* FirebaseAnalytics */; };
		D91BF1282D3FDB9800BEB410 /* FirebaseCore in Frameworks */ = {isa = PBXBuildFile; productRef = D91BF1272D3FDB9800BEB410 /* FirebaseCore */; };
		D91BF12A2D3FDB9800BEB410 /* FirebaseCrashlytics in Frameworks */ = {isa = PBXBuildFile; productRef = D91BF1292D3FDB9800BEB410 /* FirebaseCrashlytics */; };
		D91BF12C2D3FDB9800BEB410 /* FirebaseRemoteConfig in Frameworks */ = {isa = PBXBuildFile; productRef = D91BF12B2D3FDB9800BEB410 /* FirebaseRemoteConfig */; };
		D91BF12E2D3FDC8100BEB410 /* AppDelegate.swift in Sources */ = {isa = PBXBuildFile; fileRef = D91BF12D2D3FDC8000BEB410 /* AppDelegate.swift */; };
		D91BF1302D3FDDF700BEB410 /* GoogleService-Info-Release.plist in Resources */ = {isa = PBXBuildFile; fileRef = D91BF12F2D3FDDF700BEB410 /* GoogleService-Info-Release.plist */; };
		D91BF1342D3FDF6D00BEB410 /* GoogleService-Info.plist in Resources */ = {isa = PBXBuildFile; fileRef = D91BF1332D3FDF6D00BEB410 /* GoogleService-Info.plist */; };
		D91BF13C2D4019B500BEB410 /* IbadAnalytics in Frameworks */ = {isa = PBXBuildFile; productRef = D91BF13B2D4019B500BEB410 /* IbadAnalytics */; };
		D91BF19F2D45116B00BEB410 /* Date+YMD.swift in Sources */ = {isa = PBXBuildFile; fileRef = D91BF19E2D45116400BEB410 /* Date+YMD.swift */; };
		D91D99602D23C442004AA72D /* DayEvent.swift in Sources */ = {isa = PBXBuildFile; fileRef = D91D995F2D23C43C004AA72D /* DayEvent.swift */; };
		D941B4242D16D87F004FFF5C /* PrayerTimesSha1.swift in Sources */ = {isa = PBXBuildFile; fileRef = D941B4232D16D876004FFF5C /* PrayerTimesSha1.swift */; };
		D95D31EA2E3D4DCA006820F4 /* Permissions.swift in Sources */ = {isa = PBXBuildFile; fileRef = D95D31E92E3D4DC6006820F4 /* Permissions.swift */; };
		D970CD7C2D03B888004D8E66 /* AppEntryFeature.swift in Sources */ = {isa = PBXBuildFile; fileRef = D970CD7B2D03B885004D8E66 /* AppEntryFeature.swift */; };
		D970CD7E2D03B890004D8E66 /* AppEntryView.swift in Sources */ = {isa = PBXBuildFile; fileRef = D970CD7D2D03B88D004D8E66 /* AppEntryView.swift */; };
		D97A9FE52D03ACC0000F3070 /* StartupFeature.swift in Sources */ = {isa = PBXBuildFile; fileRef = D97A9FE42D03ACBD000F3070 /* StartupFeature.swift */; };
		D97A9FE72D03ACC6000F3070 /* StartupView.swift in Sources */ = {isa = PBXBuildFile; fileRef = D97A9FE62D03ACC4000F3070 /* StartupView.swift */; };
		D98903AB2CDE348C00717646 /* ExternalDeepLinks.swift in Sources */ = {isa = PBXBuildFile; fileRef = D98903AA2CDE347800717646 /* ExternalDeepLinks.swift */; };
		D98D2BD72CA9ACD20050F2A8 /* SharedState+Keys.swift in Sources */ = {isa = PBXBuildFile; fileRef = D98D2BD62CA9ACD20050F2A8 /* SharedState+Keys.swift */; };
		D98D2BDA2CA9B14A0050F2A8 /* View+ControlFlow.swift in Sources */ = {isa = PBXBuildFile; fileRef = D98D2BD92CA9B14A0050F2A8 /* View+ControlFlow.swift */; };
		D98D2BDD2CA9B50D0050F2A8 /* AppearanceFeature.swift in Sources */ = {isa = PBXBuildFile; fileRef = D98D2BDC2CA9B50D0050F2A8 /* AppearanceFeature.swift */; };
		D98D2BDF2CA9B5140050F2A8 /* AppearanceView.swift in Sources */ = {isa = PBXBuildFile; fileRef = D98D2BDE2CA9B5140050F2A8 /* AppearanceView.swift */; };
		D98D2BE12CA9B7260050F2A8 /* SettingsFeature+Destination.swift in Sources */ = {isa = PBXBuildFile; fileRef = D98D2BE02CA9B7260050F2A8 /* SettingsFeature+Destination.swift */; };
		D98D2BE32CA9B9310050F2A8 /* Settings.swift in Sources */ = {isa = PBXBuildFile; fileRef = D98D2BE22CA9B9310050F2A8 /* Settings.swift */; };
		D9A40D5E2D7A6DE500C1BBF3 /* Hadith.swift in Sources */ = {isa = PBXBuildFile; fileRef = D9A40D5D2D7A6DE300C1BBF3 /* Hadith.swift */; };
		D9A6E1BD2CEC71FE006123D1 /* ComposableArchitecture in Frameworks */ = {isa = PBXBuildFile; productRef = D9A6E1BC2CEC71FE006123D1 /* ComposableArchitecture */; };
		D9A70DBA2C850B78002F6583 /* PublicSectorApp.swift in Sources */ = {isa = PBXBuildFile; fileRef = D9A70DB92C850B78002F6583 /* PublicSectorApp.swift */; };
		D9A70DBC2C850B78002F6583 /* ContentView.swift in Sources */ = {isa = PBXBuildFile; fileRef = D9A70DBB2C850B78002F6583 /* ContentView.swift */; };
		D9A70DBE2C850B79002F6583 /* Assets.xcassets in Resources */ = {isa = PBXBuildFile; fileRef = D9A70DBD2C850B79002F6583 /* Assets.xcassets */; };
		D9A70DC12C850B79002F6583 /* Preview Assets.xcassets in Resources */ = {isa = PBXBuildFile; fileRef = D9A70DC02C850B79002F6583 /* Preview Assets.xcassets */; };
		D9A70DCB2C850B79002F6583 /* PublicSectorTests.swift in Sources */ = {isa = PBXBuildFile; fileRef = D9A70DCA2C850B79002F6583 /* PublicSectorTests.swift */; };
		D9A70DD52C850B79002F6583 /* PublicSectorUITests.swift in Sources */ = {isa = PBXBuildFile; fileRef = D9A70DD42C850B79002F6583 /* PublicSectorUITests.swift */; };
		D9A70DD72C850B79002F6583 /* PublicSectorUITestsLaunchTests.swift in Sources */ = {isa = PBXBuildFile; fileRef = D9A70DD62C850B79002F6583 /* PublicSectorUITestsLaunchTests.swift */; };
		D9A70DEC2C8595E5002F6583 /* Spacing.swift in Sources */ = {isa = PBXBuildFile; fileRef = D9A70DEB2C8595E5002F6583 /* Spacing.swift */; };
		D9A70DEE2C85960B002F6583 /* BaseFeature.swift in Sources */ = {isa = PBXBuildFile; fileRef = D9A70DED2C85960B002F6583 /* BaseFeature.swift */; };
		D9A70DF02C859627002F6583 /* Store+BaseFeature.swift in Sources */ = {isa = PBXBuildFile; fileRef = D9A70DEF2C859627002F6583 /* Store+BaseFeature.swift */; };
		D9A70DF22C859639002F6583 /* ViewStore+BaseFeature.swift in Sources */ = {isa = PBXBuildFile; fileRef = D9A70DF12C859639002F6583 /* ViewStore+BaseFeature.swift */; };
		D9A70DF42C859684002F6583 /* Preview+Arabic.swift in Sources */ = {isa = PBXBuildFile; fileRef = D9A70DF32C859684002F6583 /* Preview+Arabic.swift */; };
		D9A70DFC2C8596FF002F6583 /* DeveloperMenuFeature.swift in Sources */ = {isa = PBXBuildFile; fileRef = D9A70DFB2C8596FF002F6583 /* DeveloperMenuFeature.swift */; };
		D9A70DFE2C859717002F6583 /* DeveloperMenuView.swift in Sources */ = {isa = PBXBuildFile; fileRef = D9A70DFD2C859717002F6583 /* DeveloperMenuView.swift */; };
		D9A70E002C85972D002F6583 /* DeveloperButtonFeature.swift in Sources */ = {isa = PBXBuildFile; fileRef = D9A70DFF2C85972D002F6583 /* DeveloperButtonFeature.swift */; };
		D9A70E022C859748002F6583 /* DeveloperButton+Destination.swift in Sources */ = {isa = PBXBuildFile; fileRef = D9A70E012C859748002F6583 /* DeveloperButton+Destination.swift */; };
		D9A70E042C85975D002F6583 /* DeveloperButtonView.swift in Sources */ = {isa = PBXBuildFile; fileRef = D9A70E032C85975D002F6583 /* DeveloperButtonView.swift */; };
		D9A70E062C859977002F6583 /* SettingsFeature.swift in Sources */ = {isa = PBXBuildFile; fileRef = D9A70E052C859977002F6583 /* SettingsFeature.swift */; };
		D9A70E082C859D3F002F6583 /* SettingsView.swift in Sources */ = {isa = PBXBuildFile; fileRef = D9A70E072C859D3F002F6583 /* SettingsView.swift */; };
		D9A70E0D2C859E1E002F6583 /* DayPrayerTimes.swift in Sources */ = {isa = PBXBuildFile; fileRef = D9A70E0C2C859E1E002F6583 /* DayPrayerTimes.swift */; };
		D9A70E0F2C859E57002F6583 /* WeeklyPrayerTimesFeature.swift in Sources */ = {isa = PBXBuildFile; fileRef = D9A70E0E2C859E57002F6583 /* WeeklyPrayerTimesFeature.swift */; };
		D9A70E112C859E65002F6583 /* WeeklyPrayerTimesView.swift in Sources */ = {isa = PBXBuildFile; fileRef = D9A70E102C859E65002F6583 /* WeeklyPrayerTimesView.swift */; };
		D9A70E132C859E83002F6583 /* DailyPrayerTimesFeature.swift in Sources */ = {isa = PBXBuildFile; fileRef = D9A70E122C859E83002F6583 /* DailyPrayerTimesFeature.swift */; };
		D9A70E152C859EA9002F6583 /* DailyPrayerTimesView.swift in Sources */ = {isa = PBXBuildFile; fileRef = D9A70E142C859EA9002F6583 /* DailyPrayerTimesView.swift */; };
		D9A70E172C859ED5002F6583 /* PrayerTimesFeature.swift in Sources */ = {isa = PBXBuildFile; fileRef = D9A70E162C859ED5002F6583 /* PrayerTimesFeature.swift */; };
		D9A70E192C859EE8002F6583 /* PrayerTimesView.swift in Sources */ = {isa = PBXBuildFile; fileRef = D9A70E182C859EE8002F6583 /* PrayerTimesView.swift */; };
		D9A70E1B2C859F1F002F6583 /* AppFeature.swift in Sources */ = {isa = PBXBuildFile; fileRef = D9A70E1A2C859F1F002F6583 /* AppFeature.swift */; };
		D9A70E1D2C859F31002F6583 /* AppView.swift in Sources */ = {isa = PBXBuildFile; fileRef = D9A70E1C2C859F31002F6583 /* AppView.swift */; };
		D9A70E1F2C85A261002F6583 /* Localizable.xcstrings in Resources */ = {isa = PBXBuildFile; fileRef = D9A70E1E2C85A261002F6583 /* Localizable.xcstrings */; };
		D9B34CE22CDFBA1B00C07BA7 /* DebugSettings.bundle in Resources */ = {isa = PBXBuildFile; fileRef = D9B34CE02CDFBA1B00C07BA7 /* DebugSettings.bundle */; };
		D9B34CE32CDFBA1B00C07BA7 /* ReleaseSettings.bundle in Resources */ = {isa = PBXBuildFile; fileRef = D9B34CE12CDFBA1B00C07BA7 /* ReleaseSettings.bundle */; };
		D9B4AB502D24B1E300E201CA /* InfoPlist.xcstrings in Resources */ = {isa = PBXBuildFile; fileRef = D9B4AB4F2D24B1E300E201CA /* InfoPlist.xcstrings */; };
		D9B4AB562D24B8B500E201CA /* AppInfo.swift in Sources */ = {isa = PBXBuildFile; fileRef = D9B4AB552D24B8B100E201CA /* AppInfo.swift */; };
		D9C85AC62CF38EEC00730F12 /* NavigationRowView.swift in Sources */ = {isa = PBXBuildFile; fileRef = D9C85AC52CF38EE000730F12 /* NavigationRowView.swift */; };
		D9DA3AAE2D161431001AB599 /* IbadRemoteConfig in Frameworks */ = {isa = PBXBuildFile; productRef = D9DA3AAD2D161431001AB599 /* IbadRemoteConfig */; };
		D9DA3AB12D1618AF001AB599 /* FeatureFlagView.swift in Sources */ = {isa = PBXBuildFile; fileRef = D9DA3AB02D1618A6001AB599 /* FeatureFlagView.swift */; };
		D9DA3AB32D1618B6001AB599 /* FeatureFlagFeature.swift in Sources */ = {isa = PBXBuildFile; fileRef = D9DA3AB22D1618B3001AB599 /* FeatureFlagFeature.swift */; };
		D9DA3AB52D161C2D001AB599 /* DeveloperMenuFeature+Destination.swift in Sources */ = {isa = PBXBuildFile; fileRef = D9DA3AB42D161C26001AB599 /* DeveloperMenuFeature+Destination.swift */; };
		D9E13FD02D62680300D74C66 /* Date+Time.swift in Sources */ = {isa = PBXBuildFile; fileRef = D9E13FCF2D6267FE00D74C66 /* Date+Time.swift */; };
		D9EAEF562D27199100C8D1F4 /* WidgetKit.framework in Frameworks */ = {isa = PBXBuildFile; fileRef = D9EAEF552D27199100C8D1F4 /* WidgetKit.framework */; };
		D9EAEF582D27199100C8D1F4 /* SwiftUI.framework in Frameworks */ = {isa = PBXBuildFile; fileRef = D9EAEF572D27199100C8D1F4 /* SwiftUI.framework */; };
		D9EAEF632D27199200C8D1F4 /* PrayerTimesWidgetExtension.appex in Embed Foundation Extensions */ = {isa = PBXBuildFile; fileRef = D9EAEF532D27199100C8D1F4 /* PrayerTimesWidgetExtension.appex */; settings = {ATTRIBUTES = (RemoveHeadersOnCopy, ); }; };
		D9EAEF762D29461E00C8D1F4 /* IbadRepositories in Frameworks */ = {isa = PBXBuildFile; productRef = D9EAEF752D29461E00C8D1F4 /* IbadRepositories */; };
		D9EAEF7D2D29469800C8D1F4 /* ComposableArchitecture in Frameworks */ = {isa = PBXBuildFile; productRef = D9EAEF7C2D29469800C8D1F4 /* ComposableArchitecture */; };
		D9EE4FD92CE10E6000C5AEE4 /* LaunchScreen.storyboard in Resources */ = {isa = PBXBuildFile; fileRef = D9EE4FD82CE10E6000C5AEE4 /* LaunchScreen.storyboard */; };
/* End PBXBuildFile section */

/* Begin PBXContainerItemProxy section */
		D9A70DC72C850B79002F6583 /* PBXContainerItemProxy */ = {
			isa = PBXContainerItemProxy;
			containerPortal = D9A70DAE2C850B78002F6583 /* Project object */;
			proxyType = 1;
			remoteGlobalIDString = D9A70DB52C850B78002F6583;
			remoteInfo = PublicSector;
		};
		D9A70DD12C850B79002F6583 /* PBXContainerItemProxy */ = {
			isa = PBXContainerItemProxy;
			containerPortal = D9A70DAE2C850B78002F6583 /* Project object */;
			proxyType = 1;
			remoteGlobalIDString = D9A70DB52C850B78002F6583;
			remoteInfo = PublicSector;
		};
		D9EAEF612D27199200C8D1F4 /* PBXContainerItemProxy */ = {
			isa = PBXContainerItemProxy;
			containerPortal = D9A70DAE2C850B78002F6583 /* Project object */;
			proxyType = 1;
			remoteGlobalIDString = D9EAEF522D27199100C8D1F4;
			remoteInfo = PrayerTimesWidgetExtension;
		};
/* End PBXContainerItemProxy section */

/* Begin PBXCopyFilesBuildPhase section */
		D9EAEF642D27199200C8D1F4 /* Embed Foundation Extensions */ = {
			isa = PBXCopyFilesBuildPhase;
			buildActionMask = 2147483647;
			dstPath = "";
			dstSubfolderSpec = 13;
			files = (
				D9EAEF632D27199200C8D1F4 /* PrayerTimesWidgetExtension.appex in Embed Foundation Extensions */,
			);
			name = "Embed Foundation Extensions";
			runOnlyForDeploymentPostprocessing = 0;
		};
/* End PBXCopyFilesBuildPhase section */

/* Begin PBXFileReference section */
		717ACA1C2F5B6EB400708CA6 /* AdhkarFeature+Destination.swift */ = {isa = PBXFileReference; lastKnownFileType = sourcecode.swift; path = "AdhkarFeature+Destination.swift"; sourceTree = "<group>"; };
		D9089CE12CFDAD4500881BB6 /* IbadRepositories */ = {isa = PBXFileReference; lastKnownFileType = wrapper; path = IbadRepositories; sourceTree = "<group>"; };
		D9170D512CEFDE15006E45D5 /* WebLinks.swift */ = {isa = PBXFileReference; lastKnownFileType = sourcecode.swift; path = WebLinks.swift; sourceTree = "<group>"; };
		D9170D542CEFE552006E45D5 /* HelpFeature.swift */ = {isa = PBXFileReference; lastKnownFileType = sourcecode.swift; path = HelpFeature.swift; sourceTree = "<group>"; };
		D9170D562CEFE557006E45D5 /* HelpView.swift */ = {isa = PBXFileReference; lastKnownFileType = sourcecode.swift; path = HelpView.swift; sourceTree = "<group>"; };
		D9170D592CF0974B006E45D5 /* AdhkarFeature.swift */ = {isa = PBXFileReference; lastKnownFileType = sourcecode.swift; path = AdhkarFeature.swift; sourceTree = "<group>"; };
		D9170D5B2CF09751006E45D5 /* AdhkarView.swift */ = {isa = PBXFileReference; lastKnownFileType = sourcecode.swift; path = AdhkarView.swift; sourceTree = "<group>"; };
		D9170D5E2CF0A5B9006E45D5 /* EditPrayerTimesFeature.swift */ = {isa = PBXFileReference; lastKnownFileType = sourcecode.swift; path = EditPrayerTimesFeature.swift; sourceTree = "<group>"; };
		D9170D602CF0A5BF006E45D5 /* EditPrayerTimesView.swift */ = {isa = PBXFileReference; lastKnownFileType = sourcecode.swift; path = EditPrayerTimesView.swift; sourceTree = "<group>"; };
		D9170D622CF0A648006E45D5 /* PrayerTimesFeature+Destination.swift */ = {isa = PBXFileReference; lastKnownFileType = sourcecode.swift; path = "PrayerTimesFeature+Destination.swift"; sourceTree = "<group>"; };
		D9170D682CF0B1E9006E45D5 /* EditSinglePrayerTimeFeature.swift */ = {isa = PBXFileReference; lastKnownFileType = sourcecode.swift; path = EditSinglePrayerTimeFeature.swift; sourceTree = "<group>"; };
		D9170D6A2CF0B1F3006E45D5 /* EditSinglePrayerTimeView.swift */ = {isa = PBXFileReference; lastKnownFileType = sourcecode.swift; path = EditSinglePrayerTimeView.swift; sourceTree = "<group>"; };
		D9170D6C2CF0D1DA006E45D5 /* PrayerTimesOffset.swift */ = {isa = PBXFileReference; lastKnownFileType = sourcecode.swift; path = PrayerTimesOffset.swift; sourceTree = "<group>"; };
		D9170D6E2CF0D5F1006E45D5 /* Prayer.swift */ = {isa = PBXFileReference; lastKnownFileType = sourcecode.swift; path = Prayer.swift; sourceTree = "<group>"; };
		D91BF1222D3FDABD00BEB410 /* GoogleService-Info-Debug.plist */ = {isa = PBXFileReference; lastKnownFileType = text.plist.xml; path = "GoogleService-Info-Debug.plist"; sourceTree = "<group>"; };
		D91BF12D2D3FDC8000BEB410 /* AppDelegate.swift */ = {isa = PBXFileReference; lastKnownFileType = sourcecode.swift; path = AppDelegate.swift; sourceTree = "<group>"; };
		D91BF12F2D3FDDF700BEB410 /* GoogleService-Info-Release.plist */ = {isa = PBXFileReference; lastKnownFileType = text.plist.xml; path = "GoogleService-Info-Release.plist"; sourceTree = "<group>"; };
		D91BF1332D3FDF6D00BEB410 /* GoogleService-Info.plist */ = {isa = PBXFileReference; lastKnownFileType = text.plist.xml; path = "GoogleService-Info.plist"; sourceTree = "<group>"; };
		D91BF1392D3FED9400BEB410 /* IbadAnalytics */ = {isa = PBXFileReference; lastKnownFileType = wrapper; path = IbadAnalytics; sourceTree = "<group>"; };
		D91BF19E2D45116400BEB410 /* Date+YMD.swift */ = {isa = PBXFileReference; lastKnownFileType = sourcecode.swift; path = "Date+YMD.swift"; sourceTree = "<group>"; };
		D91D995F2D23C43C004AA72D /* DayEvent.swift */ = {isa = PBXFileReference; lastKnownFileType = sourcecode.swift; path = DayEvent.swift; sourceTree = "<group>"; };
		D941B4232D16D876004FFF5C /* PrayerTimesSha1.swift */ = {isa = PBXFileReference; lastKnownFileType = sourcecode.swift; path = PrayerTimesSha1.swift; sourceTree = "<group>"; };
		D95D31E92E3D4DC6006820F4 /* Permissions.swift */ = {isa = PBXFileReference; lastKnownFileType = sourcecode.swift; path = Permissions.swift; sourceTree = "<group>"; };
		D970CD7B2D03B885004D8E66 /* AppEntryFeature.swift */ = {isa = PBXFileReference; lastKnownFileType = sourcecode.swift; path = AppEntryFeature.swift; sourceTree = "<group>"; };
		D970CD7D2D03B88D004D8E66 /* AppEntryView.swift */ = {isa = PBXFileReference; lastKnownFileType = sourcecode.swift; path = AppEntryView.swift; sourceTree = "<group>"; };
		D97A9FE42D03ACBD000F3070 /* StartupFeature.swift */ = {isa = PBXFileReference; lastKnownFileType = sourcecode.swift; path = StartupFeature.swift; sourceTree = "<group>"; };
		D97A9FE62D03ACC4000F3070 /* StartupView.swift */ = {isa = PBXFileReference; lastKnownFileType = sourcecode.swift; path = StartupView.swift; sourceTree = "<group>"; };
		D98903AA2CDE347800717646 /* ExternalDeepLinks.swift */ = {isa = PBXFileReference; lastKnownFileType = sourcecode.swift; path = ExternalDeepLinks.swift; sourceTree = "<group>"; };
		D98D2BD62CA9ACD20050F2A8 /* SharedState+Keys.swift */ = {isa = PBXFileReference; lastKnownFileType = sourcecode.swift; path = "SharedState+Keys.swift"; sourceTree = "<group>"; };
		D98D2BD92CA9B14A0050F2A8 /* View+ControlFlow.swift */ = {isa = PBXFileReference; lastKnownFileType = sourcecode.swift; path = "View+ControlFlow.swift"; sourceTree = "<group>"; };
		D98D2BDC2CA9B50D0050F2A8 /* AppearanceFeature.swift */ = {isa = PBXFileReference; lastKnownFileType = sourcecode.swift; path = AppearanceFeature.swift; sourceTree = "<group>"; };
		D98D2BDE2CA9B5140050F2A8 /* AppearanceView.swift */ = {isa = PBXFileReference; lastKnownFileType = sourcecode.swift; path = AppearanceView.swift; sourceTree = "<group>"; };
		D98D2BE02CA9B7260050F2A8 /* SettingsFeature+Destination.swift */ = {isa = PBXFileReference; lastKnownFileType = sourcecode.swift; path = "SettingsFeature+Destination.swift"; sourceTree = "<group>"; };
		D98D2BE22CA9B9310050F2A8 /* Settings.swift */ = {isa = PBXFileReference; lastKnownFileType = sourcecode.swift; path = Settings.swift; sourceTree = "<group>"; };
		D9A40D5D2D7A6DE300C1BBF3 /* Hadith.swift */ = {isa = PBXFileReference; lastKnownFileType = sourcecode.swift; path = Hadith.swift; sourceTree = "<group>"; };
		D9A70DB62C850B78002F6583 /* PublicSector.app */ = {isa = PBXFileReference; explicitFileType = wrapper.application; includeInIndex = 0; path = PublicSector.app; sourceTree = BUILT_PRODUCTS_DIR; };
		D9A70DB92C850B78002F6583 /* PublicSectorApp.swift */ = {isa = PBXFileReference; lastKnownFileType = sourcecode.swift; path = PublicSectorApp.swift; sourceTree = "<group>"; };
		D9A70DBB2C850B78002F6583 /* ContentView.swift */ = {isa = PBXFileReference; lastKnownFileType = sourcecode.swift; path = ContentView.swift; sourceTree = "<group>"; };
		D9A70DBD2C850B79002F6583 /* Assets.xcassets */ = {isa = PBXFileReference; lastKnownFileType = folder.assetcatalog; path = Assets.xcassets; sourceTree = "<group>"; };
		D9A70DC02C850B79002F6583 /* Preview Assets.xcassets */ = {isa = PBXFileReference; lastKnownFileType = folder.assetcatalog; path = "Preview Assets.xcassets"; sourceTree = "<group>"; };
		D9A70DC62C850B79002F6583 /* PublicSectorTests.xctest */ = {isa = PBXFileReference; explicitFileType = wrapper.cfbundle; includeInIndex = 0; path = PublicSectorTests.xctest; sourceTree = BUILT_PRODUCTS_DIR; };
		D9A70DCA2C850B79002F6583 /* PublicSectorTests.swift */ = {isa = PBXFileReference; lastKnownFileType = sourcecode.swift; path = PublicSectorTests.swift; sourceTree = "<group>"; };
		D9A70DD02C850B79002F6583 /* PublicSectorUITests.xctest */ = {isa = PBXFileReference; explicitFileType = wrapper.cfbundle; includeInIndex = 0; path = PublicSectorUITests.xctest; sourceTree = BUILT_PRODUCTS_DIR; };
		D9A70DD42C850B79002F6583 /* PublicSectorUITests.swift */ = {isa = PBXFileReference; lastKnownFileType = sourcecode.swift; path = PublicSectorUITests.swift; sourceTree = "<group>"; };
		D9A70DD62C850B79002F6583 /* PublicSectorUITestsLaunchTests.swift */ = {isa = PBXFileReference; lastKnownFileType = sourcecode.swift; path = PublicSectorUITestsLaunchTests.swift; sourceTree = "<group>"; };
		D9A70DEB2C8595E5002F6583 /* Spacing.swift */ = {isa = PBXFileReference; lastKnownFileType = sourcecode.swift; path = Spacing.swift; sourceTree = "<group>"; };
		D9A70DED2C85960B002F6583 /* BaseFeature.swift */ = {isa = PBXFileReference; lastKnownFileType = sourcecode.swift; path = BaseFeature.swift; sourceTree = "<group>"; };
		D9A70DEF2C859627002F6583 /* Store+BaseFeature.swift */ = {isa = PBXFileReference; lastKnownFileType = sourcecode.swift; path = "Store+BaseFeature.swift"; sourceTree = "<group>"; };
		D9A70DF12C859639002F6583 /* ViewStore+BaseFeature.swift */ = {isa = PBXFileReference; lastKnownFileType = sourcecode.swift; path = "ViewStore+BaseFeature.swift"; sourceTree = "<group>"; };
		D9A70DF32C859684002F6583 /* Preview+Arabic.swift */ = {isa = PBXFileReference; lastKnownFileType = sourcecode.swift; path = "Preview+Arabic.swift"; sourceTree = "<group>"; };
		D9A70DFB2C8596FF002F6583 /* DeveloperMenuFeature.swift */ = {isa = PBXFileReference; lastKnownFileType = sourcecode.swift; path = DeveloperMenuFeature.swift; sourceTree = "<group>"; };
		D9A70DFD2C859717002F6583 /* DeveloperMenuView.swift */ = {isa = PBXFileReference; lastKnownFileType = sourcecode.swift; path = DeveloperMenuView.swift; sourceTree = "<group>"; };
		D9A70DFF2C85972D002F6583 /* DeveloperButtonFeature.swift */ = {isa = PBXFileReference; lastKnownFileType = sourcecode.swift; path = DeveloperButtonFeature.swift; sourceTree = "<group>"; };
		D9A70E012C859748002F6583 /* DeveloperButton+Destination.swift */ = {isa = PBXFileReference; lastKnownFileType = sourcecode.swift; path = "DeveloperButton+Destination.swift"; sourceTree = "<group>"; };
		D9A70E032C85975D002F6583 /* DeveloperButtonView.swift */ = {isa = PBXFileReference; lastKnownFileType = sourcecode.swift; path = DeveloperButtonView.swift; sourceTree = "<group>"; };
		D9A70E052C859977002F6583 /* SettingsFeature.swift */ = {isa = PBXFileReference; lastKnownFileType = sourcecode.swift; path = SettingsFeature.swift; sourceTree = "<group>"; };
		D9A70E072C859D3F002F6583 /* SettingsView.swift */ = {isa = PBXFileReference; lastKnownFileType = sourcecode.swift; path = SettingsView.swift; sourceTree = "<group>"; };
		D9A70E0C2C859E1E002F6583 /* DayPrayerTimes.swift */ = {isa = PBXFileReference; lastKnownFileType = sourcecode.swift; path = DayPrayerTimes.swift; sourceTree = "<group>"; };
		D9A70E0E2C859E57002F6583 /* WeeklyPrayerTimesFeature.swift */ = {isa = PBXFileReference; lastKnownFileType = sourcecode.swift; path = WeeklyPrayerTimesFeature.swift; sourceTree = "<group>"; };
		D9A70E102C859E65002F6583 /* WeeklyPrayerTimesView.swift */ = {isa = PBXFileReference; lastKnownFileType = sourcecode.swift; path = WeeklyPrayerTimesView.swift; sourceTree = "<group>"; };
		D9A70E122C859E83002F6583 /* DailyPrayerTimesFeature.swift */ = {isa = PBXFileReference; lastKnownFileType = sourcecode.swift; path = DailyPrayerTimesFeature.swift; sourceTree = "<group>"; };
		D9A70E142C859EA9002F6583 /* DailyPrayerTimesView.swift */ = {isa = PBXFileReference; lastKnownFileType = sourcecode.swift; path = DailyPrayerTimesView.swift; sourceTree = "<group>"; };
		D9A70E162C859ED5002F6583 /* PrayerTimesFeature.swift */ = {isa = PBXFileReference; lastKnownFileType = sourcecode.swift; path = PrayerTimesFeature.swift; sourceTree = "<group>"; };
		D9A70E182C859EE8002F6583 /* PrayerTimesView.swift */ = {isa = PBXFileReference; lastKnownFileType = sourcecode.swift; path = PrayerTimesView.swift; sourceTree = "<group>"; };
		D9A70E1A2C859F1F002F6583 /* AppFeature.swift */ = {isa = PBXFileReference; lastKnownFileType = sourcecode.swift; path = AppFeature.swift; sourceTree = "<group>"; };
		D9A70E1C2C859F31002F6583 /* AppView.swift */ = {isa = PBXFileReference; lastKnownFileType = sourcecode.swift; path = AppView.swift; sourceTree = "<group>"; };
		D9A70E1E2C85A261002F6583 /* Localizable.xcstrings */ = {isa = PBXFileReference; lastKnownFileType = text.json.xcstrings; path = Localizable.xcstrings; sourceTree = "<group>"; };
		D9B34CE02CDFBA1B00C07BA7 /* DebugSettings.bundle */ = {isa = PBXFileReference; lastKnownFileType = "wrapper.plug-in"; path = DebugSettings.bundle; sourceTree = "<group>"; };
		D9B34CE12CDFBA1B00C07BA7 /* ReleaseSettings.bundle */ = {isa = PBXFileReference; lastKnownFileType = "wrapper.plug-in"; path = ReleaseSettings.bundle; sourceTree = "<group>"; };
		D9B4AB4F2D24B1E300E201CA /* InfoPlist.xcstrings */ = {isa = PBXFileReference; lastKnownFileType = text.json.xcstrings; path = InfoPlist.xcstrings; sourceTree = "<group>"; };
		D9B4AB552D24B8B100E201CA /* AppInfo.swift */ = {isa = PBXFileReference; lastKnownFileType = sourcecode.swift; path = AppInfo.swift; sourceTree = "<group>"; };
		D9C85AC52CF38EE000730F12 /* NavigationRowView.swift */ = {isa = PBXFileReference; lastKnownFileType = sourcecode.swift; path = NavigationRowView.swift; sourceTree = "<group>"; };
		D9CCDEBB2D88CAAA00276FCD /* IbadPrayerTimesService */ = {isa = PBXFileReference; lastKnownFileType = wrapper; path = IbadPrayerTimesService; sourceTree = "<group>"; };
		D9DA3AA52D15FC88001AB599 /* ci_post_clone.sh */ = {isa = PBXFileReference; lastKnownFileType = text.script.sh; path = ci_post_clone.sh; sourceTree = "<group>"; };
		D9DA3AAB2D160B89001AB599 /* IbadRemoteConfig */ = {isa = PBXFileReference; lastKnownFileType = wrapper; path = IbadRemoteConfig; sourceTree = "<group>"; };
		D9DA3AB02D1618A6001AB599 /* FeatureFlagView.swift */ = {isa = PBXFileReference; lastKnownFileType = sourcecode.swift; path = FeatureFlagView.swift; sourceTree = "<group>"; };
		D9DA3AB22D1618B3001AB599 /* FeatureFlagFeature.swift */ = {isa = PBXFileReference; lastKnownFileType = sourcecode.swift; path = FeatureFlagFeature.swift; sourceTree = "<group>"; };
		D9DA3AB42D161C26001AB599 /* DeveloperMenuFeature+Destination.swift */ = {isa = PBXFileReference; lastKnownFileType = sourcecode.swift; path = "DeveloperMenuFeature+Destination.swift"; sourceTree = "<group>"; };
		D9E13FCF2D6267FE00D74C66 /* Date+Time.swift */ = {isa = PBXFileReference; lastKnownFileType = sourcecode.swift; path = "Date+Time.swift"; sourceTree = "<group>"; };
		D9EAEF532D27199100C8D1F4 /* PrayerTimesWidgetExtension.appex */ = {isa = PBXFileReference; explicitFileType = "wrapper.app-extension"; includeInIndex = 0; path = PrayerTimesWidgetExtension.appex; sourceTree = BUILT_PRODUCTS_DIR; };
		D9EAEF552D27199100C8D1F4 /* WidgetKit.framework */ = {isa = PBXFileReference; lastKnownFileType = wrapper.framework; name = WidgetKit.framework; path = System/Library/Frameworks/WidgetKit.framework; sourceTree = SDKROOT; };
		D9EAEF572D27199100C8D1F4 /* SwiftUI.framework */ = {isa = PBXFileReference; lastKnownFileType = wrapper.framework; name = SwiftUI.framework; path = System/Library/Frameworks/SwiftUI.framework; sourceTree = SDKROOT; };
		D9EAEF832D2950DF00C8D1F4 /* PublicSector.entitlements */ = {isa = PBXFileReference; lastKnownFileType = text.plist.entitlements; path = PublicSector.entitlements; sourceTree = "<group>"; };
		D9EE4FD82CE10E6000C5AEE4 /* LaunchScreen.storyboard */ = {isa = PBXFileReference; lastKnownFileType = file.storyboard; path = LaunchScreen.storyboard; sourceTree = "<group>"; };
		D9EE4FDA2CE1144500C5AEE4 /* Info.plist */ = {isa = PBXFileReference; lastKnownFileType = text.plist.xml; path = Info.plist; sourceTree = "<group>"; };
/* End PBXFileReference section */

/* Begin PBXFileSystemSynchronizedBuildFileExceptionSet section */
		D9EAEF672D27199200C8D1F4 /* PBXFileSystemSynchronizedBuildFileExceptionSet */ = {
			isa = PBXFileSystemSynchronizedBuildFileExceptionSet;
			membershipExceptions = (
				Resources/Info.plist,
			);
			target = D9EAEF522D27199100C8D1F4 /* PrayerTimesWidgetExtension */;
		};
/* End PBXFileSystemSynchronizedBuildFileExceptionSet section */

/* Begin PBXFileSystemSynchronizedRootGroup section */
		7155FA242F5B6A040086A53D /* Entities */ = {isa = PBXFileSystemSynchronizedRootGroup; explicitFileTypes = {}; explicitFolders = (); path = Entities; sourceTree = "<group>"; };
		7155FA2B2F5B6A380086A53D /* Data */ = {isa = PBXFileSystemSynchronizedRootGroup; explicitFileTypes = {}; explicitFolders = (); path = Data; sourceTree = "<group>"; };
		7155FA302F5B6DA30086A53D /* DhikrList */ = {isa = PBXFileSystemSynchronizedRootGroup; explicitFileTypes = {}; explicitFolders = (); path = DhikrList; sourceTree = "<group>"; };
		717ACA1E2F5B711500708CA6 /* DhikrCounter */ = {isa = PBXFileSystemSynchronizedRootGroup; explicitFileTypes = {}; explicitFolders = (); path = DhikrCounter; sourceTree = "<group>"; };
		717FBF6F2F5B49DD005D5D48 /* Events */ = {isa = PBXFileSystemSynchronizedRootGroup; explicitFileTypes = {}; explicitFolders = (); path = Events; sourceTree = "<group>"; };
		D9EAEF592D27199100C8D1F4 /* PrayerTimesWidget */ = {isa = PBXFileSystemSynchronizedRootGroup; exceptions = (D9EAEF672D27199200C8D1F4 /* PBXFileSystemSynchronizedBuildFileExceptionSet */, ); explicitFileTypes = {}; explicitFolders = (); path = PrayerTimesWidget; sourceTree = "<group>"; };
/* End PBXFileSystemSynchronizedRootGroup section */

/* Begin PBXFrameworksBuildPhase section */
		D9A70DB32C850B78002F6583 /* Frameworks */ = {
			isa = PBXFrameworksBuildPhase;
			buildActionMask = 2147483647;
			files = (
				719899D02F59F76500BC65FB /* SwiftNavigation in Frameworks */,
				D9DA3AAE2D161431001AB599 /* IbadRemoteConfig in Frameworks */,
				D91BF1282D3FDB9800BEB410 /* FirebaseCore in Frameworks */,
				D9089CE42CFDC16D00881BB6 /* IbadRepositories in Frameworks */,
				D91BF12C2D3FDB9800BEB410 /* FirebaseRemoteConfig in Frameworks */,
				D91BF12A2D3FDB9800BEB410 /* FirebaseCrashlytics in Frameworks */,
				D91BF13C2D4019B500BEB410 /* IbadAnalytics in Frameworks */,
				D91BF1262D3FDB9800BEB410 /* FirebaseAnalytics in Frameworks */,
				719899D22F59F76500BC65FB /* SwiftUINavigation in Frameworks */,
				D9A6E1BD2CEC71FE006123D1 /* ComposableArchitecture in Frameworks */,
			);
			runOnlyForDeploymentPostprocessing = 0;
		};
		D9A70DC32C850B79002F6583 /* Frameworks */ = {
			isa = PBXFrameworksBuildPhase;
			buildActionMask = 2147483647;
			files = (
			);
			runOnlyForDeploymentPostprocessing = 0;
		};
		D9A70DCD2C850B79002F6583 /* Frameworks */ = {
			isa = PBXFrameworksBuildPhase;
			buildActionMask = 2147483647;
			files = (
			);
			runOnlyForDeploymentPostprocessing = 0;
		};
		D9EAEF502D27199100C8D1F4 /* Frameworks */ = {
			isa = PBXFrameworksBuildPhase;
			buildActionMask = 2147483647;
			files = (
				D9EAEF582D27199100C8D1F4 /* SwiftUI.framework in Frameworks */,
				D9EAEF562D27199100C8D1F4 /* WidgetKit.framework in Frameworks */,
				D9EAEF7D2D29469800C8D1F4 /* ComposableArchitecture in Frameworks */,
				D9EAEF762D29461E00C8D1F4 /* IbadRepositories in Frameworks */,
			);
			runOnlyForDeploymentPostprocessing = 0;
		};
/* End PBXFrameworksBuildPhase section */

/* Begin PBXGroup section */
		D9089CE02CFDAC0200881BB6 /* Modules */ = {
			isa = PBXGroup;
			children = (
				D9CCDEBB2D88CAAA00276FCD /* IbadPrayerTimesService */,
				D91BF1392D3FED9400BEB410 /* IbadAnalytics */,
				D9DA3AAB2D160B89001AB599 /* IbadRemoteConfig */,
				D9089CE12CFDAD4500881BB6 /* IbadRepositories */,
			);
			path = Modules;
			sourceTree = "<group>";
		};
		D9170D532CEFE54A006E45D5 /* Help */ = {
			isa = PBXGroup;
			children = (
				D9170D562CEFE557006E45D5 /* HelpView.swift */,
				D9170D542CEFE552006E45D5 /* HelpFeature.swift */,
			);
			path = Help;
			sourceTree = "<group>";
		};
		D9170D582CF09745006E45D5 /* Adhkar */ = {
			isa = PBXGroup;
			children = (
				7155FA302F5B6DA30086A53D /* DhikrList */,
				717ACA1E2F5B711500708CA6 /* DhikrCounter */,
				7155FA242F5B6A040086A53D /* Entities */,
				7155FA2B2F5B6A380086A53D /* Data */,
				D9170D5B2CF09751006E45D5 /* AdhkarView.swift */,
				717ACA1C2F5B6EB400708CA6 /* AdhkarFeature+Destination.swift */,
				D9170D592CF0974B006E45D5 /* AdhkarFeature.swift */,
			);
			path = Adhkar;
			sourceTree = "<group>";
		};
		D9170D5D2CF0A5B0006E45D5 /* EditPrayerTimes */ = {
			isa = PBXGroup;
			children = (
				D9170D672CF0B1D9006E45D5 /* EditSinglePrayerTime */,
				D9170D602CF0A5BF006E45D5 /* EditPrayerTimesView.swift */,
				D9170D5E2CF0A5B9006E45D5 /* EditPrayerTimesFeature.swift */,
			);
			path = EditPrayerTimes;
			sourceTree = "<group>";
		};
		D9170D672CF0B1D9006E45D5 /* EditSinglePrayerTime */ = {
			isa = PBXGroup;
			children = (
				D9170D6A2CF0B1F3006E45D5 /* EditSinglePrayerTimeView.swift */,
				D9170D682CF0B1E9006E45D5 /* EditSinglePrayerTimeFeature.swift */,
			);
			path = EditSinglePrayerTime;
			sourceTree = "<group>";
		};
		D970CD7A2D03B873004D8E66 /* AppEntry */ = {
			isa = PBXGroup;
			children = (
				D970CD7D2D03B88D004D8E66 /* AppEntryView.swift */,
				D970CD7B2D03B885004D8E66 /* AppEntryFeature.swift */,
			);
			path = AppEntry;
			sourceTree = "<group>";
		};
		D97A9FE32D03AC98000F3070 /* Startup */ = {
			isa = PBXGroup;
			children = (
				D97A9FE62D03ACC4000F3070 /* StartupView.swift */,
				D97A9FE42D03ACBD000F3070 /* StartupFeature.swift */,
			);
			path = Startup;
			sourceTree = "<group>";
		};
		D98903A92CDE346C00717646 /* Dependencies */ = {
			isa = PBXGroup;
			children = (
				D95D31E92E3D4DC6006820F4 /* Permissions.swift */,
				D9B4AB552D24B8B100E201CA /* AppInfo.swift */,
				D9170D512CEFDE15006E45D5 /* WebLinks.swift */,
				D98903AA2CDE347800717646 /* ExternalDeepLinks.swift */,
			);
			path = Dependencies;
			sourceTree = "<group>";
		};
		D98D2BD52CA9ACA90050F2A8 /* Extensions */ = {
			isa = PBXGroup;
			children = (
				D9E13FCF2D6267FE00D74C66 /* Date+Time.swift */,
				D91BF19E2D45116400BEB410 /* Date+YMD.swift */,
				D98D2BD62CA9ACD20050F2A8 /* SharedState+Keys.swift */,
				D98D2BD92CA9B14A0050F2A8 /* View+ControlFlow.swift */,
			);
			path = Extensions;
			sourceTree = "<group>";
		};
		D98D2BDB2CA9B5000050F2A8 /* Appearance */ = {
			isa = PBXGroup;
			children = (
				D98D2BDC2CA9B50D0050F2A8 /* AppearanceFeature.swift */,
				D98D2BDE2CA9B5140050F2A8 /* AppearanceView.swift */,
			);
			path = Appearance;
			sourceTree = "<group>";
		};
		D9A70DAD2C850B78002F6583 = {
			isa = PBXGroup;
			children = (
				D9DA3AA22D15FB72001AB599 /* ci_scripts */,
				D9089CE02CFDAC0200881BB6 /* Modules */,
				D9A70DB82C850B78002F6583 /* PublicSector */,
				D9A70DC92C850B79002F6583 /* PublicSectorTests */,
				D9A70DD32C850B79002F6583 /* PublicSectorUITests */,
				D9EAEF592D27199100C8D1F4 /* PrayerTimesWidget */,
				D9EAEF542D27199100C8D1F4 /* Frameworks */,
				D9A70DB72C850B78002F6583 /* Products */,
			);
			sourceTree = "<group>";
		};
		D9A70DB72C850B78002F6583 /* Products */ = {
			isa = PBXGroup;
			children = (
				D9A70DB62C850B78002F6583 /* PublicSector.app */,
				D9A70DC62C850B79002F6583 /* PublicSectorTests.xctest */,
				D9A70DD02C850B79002F6583 /* PublicSectorUITests.xctest */,
				D9EAEF532D27199100C8D1F4 /* PrayerTimesWidgetExtension.appex */,
			);
			name = Products;
			sourceTree = "<group>";
		};
		D9A70DB82C850B78002F6583 /* PublicSector */ = {
			isa = PBXGroup;
			children = (
				D9C85AC42CF38ED800730F12 /* Components */,
				D98903A92CDE346C00717646 /* Dependencies */,
				D98D2BD52CA9ACA90050F2A8 /* Extensions */,
				D9A70DEA2C8595D6002F6583 /* Features */,
				D9A70DE92C8595CD002F6583 /* Resources */,
				D9A70DE82C8595C7002F6583 /* Helpers */,
				D9A70DE72C8595C2002F6583 /* Design */,
				D9A70DE62C8595B6002F6583 /* ArchitecturalMods */,
				D91BF12D2D3FDC8000BEB410 /* AppDelegate.swift */,
				D9A70DBB2C850B78002F6583 /* ContentView.swift */,
				D9A70DB92C850B78002F6583 /* PublicSectorApp.swift */,
				D9A70DBF2C850B79002F6583 /* Preview Content */,
			);
			path = PublicSector;
			sourceTree = "<group>";
		};
		D9A70DBF2C850B79002F6583 /* Preview Content */ = {
			isa = PBXGroup;
			children = (
				D9A70DC02C850B79002F6583 /* Preview Assets.xcassets */,
			);
			path = "Preview Content";
			sourceTree = "<group>";
		};
		D9A70DC92C850B79002F6583 /* PublicSectorTests */ = {
			isa = PBXGroup;
			children = (
				D9A70DCA2C850B79002F6583 /* PublicSectorTests.swift */,
			);
			path = PublicSectorTests;
			sourceTree = "<group>";
		};
		D9A70DD32C850B79002F6583 /* PublicSectorUITests */ = {
			isa = PBXGroup;
			children = (
				D9A70DD42C850B79002F6583 /* PublicSectorUITests.swift */,
				D9A70DD62C850B79002F6583 /* PublicSectorUITestsLaunchTests.swift */,
			);
			path = PublicSectorUITests;
			sourceTree = "<group>";
		};
		D9A70DE62C8595B6002F6583 /* ArchitecturalMods */ = {
			isa = PBXGroup;
			children = (
				D9A70DED2C85960B002F6583 /* BaseFeature.swift */,
				D9A70DEF2C859627002F6583 /* Store+BaseFeature.swift */,
				D9A70DF12C859639002F6583 /* ViewStore+BaseFeature.swift */,
			);
			path = ArchitecturalMods;
			sourceTree = "<group>";
		};
		D9A70DE72C8595C2002F6583 /* Design */ = {
			isa = PBXGroup;
			children = (
				D9A70DEB2C8595E5002F6583 /* Spacing.swift */,
			);
			path = Design;
			sourceTree = "<group>";
		};
		D9A70DE82C8595C7002F6583 /* Helpers */ = {
			isa = PBXGroup;
			children = (
				D9A70DF32C859684002F6583 /* Preview+Arabic.swift */,
			);
			path = Helpers;
			sourceTree = "<group>";
		};
		D9A70DE92C8595CD002F6583 /* Resources */ = {
			isa = PBXGroup;
			children = (
				D9B34CDE2CDFA52400C07BA7 /* SettingsBundle */,
				D9A70DBD2C850B79002F6583 /* Assets.xcassets */,
				D9A70E1E2C85A261002F6583 /* Localizable.xcstrings */,
				D9EE4FD82CE10E6000C5AEE4 /* LaunchScreen.storyboard */,
				D9EE4FDA2CE1144500C5AEE4 /* Info.plist */,
				D9B4AB4F2D24B1E300E201CA /* InfoPlist.xcstrings */,
				D9EAEF832D2950DF00C8D1F4 /* PublicSector.entitlements */,
				D91BF1332D3FDF6D00BEB410 /* GoogleService-Info.plist */,
				D91BF1222D3FDABD00BEB410 /* GoogleService-Info-Debug.plist */,
				D91BF12F2D3FDDF700BEB410 /* GoogleService-Info-Release.plist */,
			);
			path = Resources;
			sourceTree = "<group>";
		};
		D9A70DEA2C8595D6002F6583 /* Features */ = {
			isa = PBXGroup;
			children = (
				717FBF6F2F5B49DD005D5D48 /* Events */,
				D970CD7A2D03B873004D8E66 /* AppEntry */,
				D97A9FE32D03AC98000F3070 /* Startup */,
				D9170D582CF09745006E45D5 /* Adhkar */,
				D9A70DF82C8596D0002F6583 /* Developer */,
				D9A70DF72C8596CA002F6583 /* PrayerTimes */,
				D9A70DF62C8596C4002F6583 /* Settings */,
				D9A70DF52C8596C0002F6583 /* App */,
			);
			path = Features;
			sourceTree = "<group>";
		};
		D9A70DF52C8596C0002F6583 /* App */ = {
			isa = PBXGroup;
			children = (
				D9A70E1A2C859F1F002F6583 /* AppFeature.swift */,
				D9A70E1C2C859F31002F6583 /* AppView.swift */,
			);
			path = App;
			sourceTree = "<group>";
		};
		D9A70DF62C8596C4002F6583 /* Settings */ = {
			isa = PBXGroup;
			children = (
				D9170D532CEFE54A006E45D5 /* Help */,
				D98D2BDB2CA9B5000050F2A8 /* Appearance */,
				D9A70E052C859977002F6583 /* SettingsFeature.swift */,
				D9A70E072C859D3F002F6583 /* SettingsView.swift */,
				D98D2BE02CA9B7260050F2A8 /* SettingsFeature+Destination.swift */,
				D98D2BE22CA9B9310050F2A8 /* Settings.swift */,
			);
			path = Settings;
			sourceTree = "<group>";
		};
		D9A70DF72C8596CA002F6583 /* PrayerTimes */ = {
			isa = PBXGroup;
			children = (
				D9A70E0B2C859E0C002F6583 /* Entities */,
				D9170D5D2CF0A5B0006E45D5 /* EditPrayerTimes */,
				D9A70E0A2C859E04002F6583 /* WeeklyPrayerTimes */,
				D9A70E092C859DFA002F6583 /* DailyPrayerTimes */,
				D9A70E162C859ED5002F6583 /* PrayerTimesFeature.swift */,
				D9A70E182C859EE8002F6583 /* PrayerTimesView.swift */,
				D9170D622CF0A648006E45D5 /* PrayerTimesFeature+Destination.swift */,
			);
			path = PrayerTimes;
			sourceTree = "<group>";
		};
		D9A70DF82C8596D0002F6583 /* Developer */ = {
			isa = PBXGroup;
			children = (
				D9DA3AAF2D161898001AB599 /* FeatureFlag */,
				D9A70DFA2C8596E5002F6583 /* DeveloperButton */,
				D9A70DF92C8596DE002F6583 /* DeveloperMenu */,
			);
			path = Developer;
			sourceTree = "<group>";
		};
		D9A70DF92C8596DE002F6583 /* DeveloperMenu */ = {
			isa = PBXGroup;
			children = (
				D9DA3AB42D161C26001AB599 /* DeveloperMenuFeature+Destination.swift */,
				D9A70DFB2C8596FF002F6583 /* DeveloperMenuFeature.swift */,
				D9A70DFD2C859717002F6583 /* DeveloperMenuView.swift */,
			);
			path = DeveloperMenu;
			sourceTree = "<group>";
		};
		D9A70DFA2C8596E5002F6583 /* DeveloperButton */ = {
			isa = PBXGroup;
			children = (
				D9A70DFF2C85972D002F6583 /* DeveloperButtonFeature.swift */,
				D9A70E012C859748002F6583 /* DeveloperButton+Destination.swift */,
				D9A70E032C85975D002F6583 /* DeveloperButtonView.swift */,
			);
			path = DeveloperButton;
			sourceTree = "<group>";
		};
		D9A70E092C859DFA002F6583 /* DailyPrayerTimes */ = {
			isa = PBXGroup;
			children = (
				D9A70E122C859E83002F6583 /* DailyPrayerTimesFeature.swift */,
				D9A70E142C859EA9002F6583 /* DailyPrayerTimesView.swift */,
			);
			path = DailyPrayerTimes;
			sourceTree = "<group>";
		};
		D9A70E0A2C859E04002F6583 /* WeeklyPrayerTimes */ = {
			isa = PBXGroup;
			children = (
				D9A70E0E2C859E57002F6583 /* WeeklyPrayerTimesFeature.swift */,
				D9A70E102C859E65002F6583 /* WeeklyPrayerTimesView.swift */,
			);
			path = WeeklyPrayerTimes;
			sourceTree = "<group>";
		};
		D9A70E0B2C859E0C002F6583 /* Entities */ = {
			isa = PBXGroup;
			children = (
				D9A40D5D2D7A6DE300C1BBF3 /* Hadith.swift */,
				D91D995F2D23C43C004AA72D /* DayEvent.swift */,
				D941B4232D16D876004FFF5C /* PrayerTimesSha1.swift */,
				D9170D6E2CF0D5F1006E45D5 /* Prayer.swift */,
				D9170D6C2CF0D1DA006E45D5 /* PrayerTimesOffset.swift */,
				D9A70E0C2C859E1E002F6583 /* DayPrayerTimes.swift */,
			);
			path = Entities;
			sourceTree = "<group>";
		};
		D9B34CDE2CDFA52400C07BA7 /* SettingsBundle */ = {
			isa = PBXGroup;
			children = (
				D9B34CE02CDFBA1B00C07BA7 /* DebugSettings.bundle */,
				D9B34CE12CDFBA1B00C07BA7 /* ReleaseSettings.bundle */,
			);
			path = SettingsBundle;
			sourceTree = "<group>";
		};
		D9C85AC42CF38ED800730F12 /* Components */ = {
			isa = PBXGroup;
			children = (
				D9C85AC52CF38EE000730F12 /* NavigationRowView.swift */,
			);
			path = Components;
			sourceTree = "<group>";
		};
		D9DA3AA22D15FB72001AB599 /* ci_scripts */ = {
			isa = PBXGroup;
			children = (
				D9DA3AA52D15FC88001AB599 /* ci_post_clone.sh */,
			);
			path = ci_scripts;
			sourceTree = "<group>";
		};
		D9DA3AAF2D161898001AB599 /* FeatureFlag */ = {
			isa = PBXGroup;
			children = (
				D9DA3AB22D1618B3001AB599 /* FeatureFlagFeature.swift */,
				D9DA3AB02D1618A6001AB599 /* FeatureFlagView.swift */,
			);
			path = FeatureFlag;
			sourceTree = "<group>";
		};
		D9EAEF542D27199100C8D1F4 /* Frameworks */ = {
			isa = PBXGroup;
			children = (
				D9EAEF552D27199100C8D1F4 /* WidgetKit.framework */,
				D9EAEF572D27199100C8D1F4 /* SwiftUI.framework */,
			);
			name = Frameworks;
			sourceTree = "<group>";
		};
/* End PBXGroup section */

/* Begin PBXNativeTarget section */
		D9A70DB52C850B78002F6583 /* PublicSector */ = {
			isa = PBXNativeTarget;
			buildConfigurationList = D9A70DDA2C850B79002F6583 /* Build configuration list for PBXNativeTarget "PublicSector" */;
			buildPhases = (
				D91BF1322D3FDF2200BEB410 /* Google Service File Selection */,
				D9B34CDF2CDFB6FC00C07BA7 /* Generate Acknowledgments */,
				D9B34CDD2CDFA4BB00C07BA7 /* Settings Bundle Selection */,
				D9A70DB22C850B78002F6583 /* Sources */,
				D9A70DB32C850B78002F6583 /* Frameworks */,
				D9A70DB42C850B78002F6583 /* Resources */,
				D9EAEF642D27199200C8D1F4 /* Embed Foundation Extensions */,
			);
			buildRules = (
			);
			dependencies = (
				D9EAEF622D27199200C8D1F4 /* PBXTargetDependency */,
			);
			fileSystemSynchronizedGroups = (
				7155FA242F5B6A040086A53D /* Entities */,
				7155FA2B2F5B6A380086A53D /* Data */,
				7155FA302F5B6DA30086A53D /* DhikrList */,
				717ACA1E2F5B711500708CA6 /* DhikrCounter */,
				717FBF6F2F5B49DD005D5D48 /* Events */,
			);
			name = PublicSector;
			packageProductDependencies = (
				D9A6E1BC2CEC71FE006123D1 /* ComposableArchitecture */,
				D9089CE32CFDC16D00881BB6 /* IbadRepositories */,
				D9DA3AAD2D161431001AB599 /* IbadRemoteConfig */,
				D91BF1252D3FDB9800BEB410 /* FirebaseAnalytics */,
				D91BF1272D3FDB9800BEB410 /* FirebaseCore */,
				D91BF1292D3FDB9800BEB410 /* FirebaseCrashlytics */,
				D91BF12B2D3FDB9800BEB410 /* FirebaseRemoteConfig */,
				D91BF13B2D4019B500BEB410 /* IbadAnalytics */,
				719899CF2F59F76500BC65FB /* SwiftNavigation */,
				719899D12F59F76500BC65FB /* SwiftUINavigation */,
			);
			productName = PublicSector;
			productReference = D9A70DB62C850B78002F6583 /* PublicSector.app */;
			productType = "com.apple.product-type.application";
		};
		D9A70DC52C850B79002F6583 /* PublicSectorTests */ = {
			isa = PBXNativeTarget;
			buildConfigurationList = D9A70DDD2C850B79002F6583 /* Build configuration list for PBXNativeTarget "PublicSectorTests" */;
			buildPhases = (
				D9A70DC22C850B79002F6583 /* Sources */,
				D9A70DC32C850B79002F6583 /* Frameworks */,
				D9A70DC42C850B79002F6583 /* Resources */,
			);
			buildRules = (
			);
			dependencies = (
				D9A70DC82C850B79002F6583 /* PBXTargetDependency */,
			);
			name = PublicSectorTests;
			productName = PublicSectorTests;
			productReference = D9A70DC62C850B79002F6583 /* PublicSectorTests.xctest */;
			productType = "com.apple.product-type.bundle.unit-test";
		};
		D9A70DCF2C850B79002F6583 /* PublicSectorUITests */ = {
			isa = PBXNativeTarget;
			buildConfigurationList = D9A70DE02C850B79002F6583 /* Build configuration list for PBXNativeTarget "PublicSectorUITests" */;
			buildPhases = (
				D9A70DCC2C850B79002F6583 /* Sources */,
				D9A70DCD2C850B79002F6583 /* Frameworks */,
				D9A70DCE2C850B79002F6583 /* Resources */,
			);
			buildRules = (
			);
			dependencies = (
				D9A70DD22C850B79002F6583 /* PBXTargetDependency */,
			);
			name = PublicSectorUITests;
			productName = PublicSectorUITests;
			productReference = D9A70DD02C850B79002F6583 /* PublicSectorUITests.xctest */;
			productType = "com.apple.product-type.bundle.ui-testing";
		};
		D9EAEF522D27199100C8D1F4 /* PrayerTimesWidgetExtension */ = {
			isa = PBXNativeTarget;
			buildConfigurationList = D9EAEF682D27199200C8D1F4 /* Build configuration list for PBXNativeTarget "PrayerTimesWidgetExtension" */;
			buildPhases = (
				D9EAEF4F2D27199100C8D1F4 /* Sources */,
				D9EAEF502D27199100C8D1F4 /* Frameworks */,
				D9EAEF512D27199100C8D1F4 /* Resources */,
			);
			buildRules = (
			);
			dependencies = (
			);
			fileSystemSynchronizedGroups = (
				D9EAEF592D27199100C8D1F4 /* PrayerTimesWidget */,
			);
			name = PrayerTimesWidgetExtension;
			packageProductDependencies = (
				D9EAEF752D29461E00C8D1F4 /* IbadRepositories */,
				D9EAEF7C2D29469800C8D1F4 /* ComposableArchitecture */,
			);
			productName = PrayerTimesWidgetExtension;
			productReference = D9EAEF532D27199100C8D1F4 /* PrayerTimesWidgetExtension.appex */;
			productType = "com.apple.product-type.app-extension";
		};
/* End PBXNativeTarget section */

/* Begin PBXProject section */
		D9A70DAE2C850B78002F6583 /* Project object */ = {
			isa = PBXProject;
			attributes = {
				BuildIndependentTargetsInParallel = 1;
				LastSwiftUpdateCheck = 1620;
				LastUpgradeCheck = 1610;
				TargetAttributes = {
					D9A70DB52C850B78002F6583 = {
						CreatedOnToolsVersion = 15.4;
					};
					D9A70DC52C850B79002F6583 = {
						CreatedOnToolsVersion = 15.4;
						TestTargetID = D9A70DB52C850B78002F6583;
					};
					D9A70DCF2C850B79002F6583 = {
						CreatedOnToolsVersion = 15.4;
						TestTargetID = D9A70DB52C850B78002F6583;
					};
					D9EAEF522D27199100C8D1F4 = {
						CreatedOnToolsVersion = 16.2;
					};
				};
			};
			buildConfigurationList = D9A70DB12C850B78002F6583 /* Build configuration list for PBXProject "PublicSector" */;
			compatibilityVersion = "Xcode 14.0";
			developmentRegion = en;
			hasScannedForEncodings = 0;
			knownRegions = (
				en,
				Base,
				ar,
			);
			mainGroup = D9A70DAD2C850B78002F6583;
			packageReferences = (
				D9A6E1BB2CEC71FE006123D1 /* XCRemoteSwiftPackageReference "swift-composable-architecture" */,
				D9089CE22CFDC16D00881BB6 /* XCLocalSwiftPackageReference "Modules/IbadRepositories" */,
				D9DA3AAC2D161431001AB599 /* XCLocalSwiftPackageReference "Modules/IbadRemoteConfig" */,
				D91BF1242D3FDB9800BEB410 /* XCRemoteSwiftPackageReference "firebase-ios-sdk" */,
				D91BF13A2D4019B500BEB410 /* XCLocalSwiftPackageReference "Modules/IbadAnalytics" */,
				719899CE2F59F76500BC65FB /* XCRemoteSwiftPackageReference "swift-navigation" */,
			);
			productRefGroup = D9A70DB72C850B78002F6583 /* Products */;
			projectDirPath = "";
			projectRoot = "";
			targets = (
				D9A70DB52C850B78002F6583 /* PublicSector */,
				D9A70DC52C850B79002F6583 /* PublicSectorTests */,
				D9A70DCF2C850B79002F6583 /* PublicSectorUITests */,
				D9EAEF522D27199100C8D1F4 /* PrayerTimesWidgetExtension */,
			);
		};
/* End PBXProject section */

/* Begin PBXResourcesBuildPhase section */
		D9A70DB42C850B78002F6583 /* Resources */ = {
			isa = PBXResourcesBuildPhase;
			buildActionMask = 2147483647;
			files = (
				D9B34CE22CDFBA1B00C07BA7 /* DebugSettings.bundle in Resources */,
				D9B4AB502D24B1E300E201CA /* InfoPlist.xcstrings in Resources */,
				D9B34CE32CDFBA1B00C07BA7 /* ReleaseSettings.bundle in Resources */,
				D9A70DC12C850B79002F6583 /* Preview Assets.xcassets in Resources */,
				D91BF1342D3FDF6D00BEB410 /* GoogleService-Info.plist in Resources */,
				D91BF1302D3FDDF700BEB410 /* GoogleService-Info-Release.plist in Resources */,
				D9EE4FD92CE10E6000C5AEE4 /* LaunchScreen.storyboard in Resources */,
				D9A70DBE2C850B79002F6583 /* Assets.xcassets in Resources */,
				D9A70E1F2C85A261002F6583 /* Localizable.xcstrings in Resources */,
				D91BF1232D3FDABD00BEB410 /* GoogleService-Info-Debug.plist in Resources */,
			);
			runOnlyForDeploymentPostprocessing = 0;
		};
		D9A70DC42C850B79002F6583 /* Resources */ = {
			isa = PBXResourcesBuildPhase;
			buildActionMask = 2147483647;
			files = (
			);
			runOnlyForDeploymentPostprocessing = 0;
		};
		D9A70DCE2C850B79002F6583 /* Resources */ = {
			isa = PBXResourcesBuildPhase;
			buildActionMask = 2147483647;
			files = (
			);
			runOnlyForDeploymentPostprocessing = 0;
		};
		D9EAEF512D27199100C8D1F4 /* Resources */ = {
			isa = PBXResourcesBuildPhase;
			buildActionMask = 2147483647;
			files = (
			);
			runOnlyForDeploymentPostprocessing = 0;
		};
/* End PBXResourcesBuildPhase section */

/* Begin PBXShellScriptBuildPhase section */
		D91BF1322D3FDF2200BEB410 /* Google Service File Selection */ = {
			isa = PBXShellScriptBuildPhase;
			alwaysOutOfDate = 1;
			buildActionMask = 2147483647;
			files = (
			);
			inputFileListPaths = (
			);
			inputPaths = (
			);
			name = "Google Service File Selection";
			outputFileListPaths = (
			);
			outputPaths = (
			);
			runOnlyForDeploymentPostprocessing = 0;
			shellPath = /bin/sh;
			shellScript = "GSERVICE_PLIST_PATH=\"${PROJECT_DIR}/PublicSector/Resources\"\ncp -r \"${GSERVICE_PLIST_PATH}/GoogleService-Info-${CONFIGURATION}.plist\" \"${GSERVICE_PLIST_PATH}/GoogleService-Info.plist\"\n";
		};
		D9B34CDD2CDFA4BB00C07BA7 /* Settings Bundle Selection */ = {
			isa = PBXShellScriptBuildPhase;
			alwaysOutOfDate = 1;
			buildActionMask = 2147483647;
			files = (
			);
			inputFileListPaths = (
			);
			inputPaths = (
			);
			name = "Settings Bundle Selection";
			outputFileListPaths = (
			);
			outputPaths = (
			);
			runOnlyForDeploymentPostprocessing = 0;
			shellPath = /bin/sh;
			shellScript = "cp -r \"${SETTINGS_BUNDLE}/\" \"${BUILT_PRODUCTS_DIR}/${PRODUCT_NAME}.app/Settings.bundle\"\n";
		};
		D9B34CDF2CDFB6FC00C07BA7 /* Generate Acknowledgments */ = {
			isa = PBXShellScriptBuildPhase;
			alwaysOutOfDate = 1;
			buildActionMask = 2147483647;
			files = (
			);
			inputFileListPaths = (
			);
			inputPaths = (
			);
			name = "Generate Acknowledgments";
			outputFileListPaths = (
			);
			outputPaths = (
			);
			runOnlyForDeploymentPostprocessing = 0;
			shellPath = /bin/sh;
			shellScript = "/bin/sh ./Scripts/GenerateAcks.sh\n";
		};
/* End PBXShellScriptBuildPhase section */

/* Begin PBXSourcesBuildPhase section */
		D9A70DB22C850B78002F6583 /* Sources */ = {
			isa = PBXSourcesBuildPhase;
			buildActionMask = 2147483647;
			files = (
				D9A70DF22C859639002F6583 /* ViewStore+BaseFeature.swift in Sources */,
				D9170D552CEFE554006E45D5 /* HelpFeature.swift in Sources */,
				D9A70E042C85975D002F6583 /* DeveloperButtonView.swift in Sources */,
				D9A70E1B2C859F1F002F6583 /* AppFeature.swift in Sources */,
				D98D2BDF2CA9B5140050F2A8 /* AppearanceView.swift in Sources */,
				D9A70DBC2C850B78002F6583 /* ContentView.swift in Sources */,
				D9170D6F2CF0D5F7006E45D5 /* Prayer.swift in Sources */,
				D9A70E1D2C859F31002F6583 /* AppView.swift in Sources */,
				D9A70DBA2C850B78002F6583 /* PublicSectorApp.swift in Sources */,
				D9DA3AB12D1618AF001AB599 /* FeatureFlagView.swift in Sources */,
				D9A70DEC2C8595E5002F6583 /* Spacing.swift in Sources */,
				D970CD7E2D03B890004D8E66 /* AppEntryView.swift in Sources */,
				D91BF19F2D45116B00BEB410 /* Date+YMD.swift in Sources */,
				D9B4AB562D24B8B500E201CA /* AppInfo.swift in Sources */,
				717ACA1D2F5B6EB400708CA6 /* AdhkarFeature+Destination.swift in Sources */,
				D98D2BDA2CA9B14A0050F2A8 /* View+ControlFlow.swift in Sources */,
				D970CD7C2D03B888004D8E66 /* AppEntryFeature.swift in Sources */,
				D9A70E152C859EA9002F6583 /* DailyPrayerTimesView.swift in Sources */,
				D9170D632CF0A64D006E45D5 /* PrayerTimesFeature+Destination.swift in Sources */,
				D9DA3AB52D161C2D001AB599 /* DeveloperMenuFeature+Destination.swift in Sources */,
				D9170D5A2CF0974E006E45D5 /* AdhkarFeature.swift in Sources */,
				D95D31EA2E3D4DCA006820F4 /* Permissions.swift in Sources */,
				D9A70E062C859977002F6583 /* SettingsFeature.swift in Sources */,
				D9170D6B2CF0B1F7006E45D5 /* EditSinglePrayerTimeView.swift in Sources */,
				D97A9FE72D03ACC6000F3070 /* StartupView.swift in Sources */,
				D9170D522CEFDE41006E45D5 /* WebLinks.swift in Sources */,
				D9DA3AB32D1618B6001AB599 /* FeatureFlagFeature.swift in Sources */,
				D9A40D5E2D7A6DE500C1BBF3 /* Hadith.swift in Sources */,
				D941B4242D16D87F004FFF5C /* PrayerTimesSha1.swift in Sources */,
				D9A70DFC2C8596FF002F6583 /* DeveloperMenuFeature.swift in Sources */,
				D9A70E082C859D3F002F6583 /* SettingsView.swift in Sources */,
				D98D2BDD2CA9B50D0050F2A8 /* AppearanceFeature.swift in Sources */,
				D9170D6D2CF0D1E1006E45D5 /* PrayerTimesOffset.swift in Sources */,
				D9170D572CEFE558006E45D5 /* HelpView.swift in Sources */,
				D9A70E022C859748002F6583 /* DeveloperButton+Destination.swift in Sources */,
				D98D2BD72CA9ACD20050F2A8 /* SharedState+Keys.swift in Sources */,
				D9A70DEE2C85960B002F6583 /* BaseFeature.swift in Sources */,
				D9170D692CF0B1EF006E45D5 /* EditSinglePrayerTimeFeature.swift in Sources */,
				D9A70DF42C859684002F6583 /* Preview+Arabic.swift in Sources */,
				D98903AB2CDE348C00717646 /* ExternalDeepLinks.swift in Sources */,
				D9A70E172C859ED5002F6583 /* PrayerTimesFeature.swift in Sources */,
				D9170D5C2CF09754006E45D5 /* AdhkarView.swift in Sources */,
				D9A70E0F2C859E57002F6583 /* WeeklyPrayerTimesFeature.swift in Sources */,
				D9A70E132C859E83002F6583 /* DailyPrayerTimesFeature.swift in Sources */,
				D9A70E112C859E65002F6583 /* WeeklyPrayerTimesView.swift in Sources */,
				D9E13FD02D62680300D74C66 /* Date+Time.swift in Sources */,
				D9A70DF02C859627002F6583 /* Store+BaseFeature.swift in Sources */,
				D9A70DFE2C859717002F6583 /* DeveloperMenuView.swift in Sources */,
				D9C85AC62CF38EEC00730F12 /* NavigationRowView.swift in Sources */,
				D98D2BE32CA9B9310050F2A8 /* Settings.swift in Sources */,
				D97A9FE52D03ACC0000F3070 /* StartupFeature.swift in Sources */,
				D9A70E192C859EE8002F6583 /* PrayerTimesView.swift in Sources */,
				D98D2BE12CA9B7260050F2A8 /* SettingsFeature+Destination.swift in Sources */,
				D91BF12E2D3FDC8100BEB410 /* AppDelegate.swift in Sources */,
				D9A70E002C85972D002F6583 /* DeveloperButtonFeature.swift in Sources */,
				D9170D612CF0A5C3006E45D5 /* EditPrayerTimesView.swift in Sources */,
				D91D99602D23C442004AA72D /* DayEvent.swift in Sources */,
				D9170D5F2CF0A5BD006E45D5 /* EditPrayerTimesFeature.swift in Sources */,
				D9A70E0D2C859E1E002F6583 /* DayPrayerTimes.swift in Sources */,
			);
			runOnlyForDeploymentPostprocessing = 0;
		};
		D9A70DC22C850B79002F6583 /* Sources */ = {
			isa = PBXSourcesBuildPhase;
			buildActionMask = 2147483647;
			files = (
				D9A70DCB2C850B79002F6583 /* PublicSectorTests.swift in Sources */,
			);
			runOnlyForDeploymentPostprocessing = 0;
		};
		D9A70DCC2C850B79002F6583 /* Sources */ = {
			isa = PBXSourcesBuildPhase;
			buildActionMask = 2147483647;
			files = (
				D9A70DD52C850B79002F6583 /* PublicSectorUITests.swift in Sources */,
				D9A70DD72C850B79002F6583 /* PublicSectorUITestsLaunchTests.swift in Sources */,
			);
			runOnlyForDeploymentPostprocessing = 0;
		};
		D9EAEF4F2D27199100C8D1F4 /* Sources */ = {
			isa = PBXSourcesBuildPhase;
			buildActionMask = 2147483647;
			files = (
			);
			runOnlyForDeploymentPostprocessing = 0;
		};
/* End PBXSourcesBuildPhase section */

/* Begin PBXTargetDependency section */
		D9A70DC82C850B79002F6583 /* PBXTargetDependency */ = {
			isa = PBXTargetDependency;
			target = D9A70DB52C850B78002F6583 /* PublicSector */;
			targetProxy = D9A70DC72C850B79002F6583 /* PBXContainerItemProxy */;
		};
		D9A70DD22C850B79002F6583 /* PBXTargetDependency */ = {
			isa = PBXTargetDependency;
			target = D9A70DB52C850B78002F6583 /* PublicSector */;
			targetProxy = D9A70DD12C850B79002F6583 /* PBXContainerItemProxy */;
		};
		D9EAEF622D27199200C8D1F4 /* PBXTargetDependency */ = {
			isa = PBXTargetDependency;
			target = D9EAEF522D27199100C8D1F4 /* PrayerTimesWidgetExtension */;
			targetProxy = D9EAEF612D27199200C8D1F4 /* PBXContainerItemProxy */;
		};
/* End PBXTargetDependency section */

/* Begin XCBuildConfiguration section */
		D9A70DD82C850B79002F6583 /* Debug */ = {
			isa = XCBuildConfiguration;
			buildSettings = {
				ALWAYS_SEARCH_USER_PATHS = NO;
				ASSETCATALOG_COMPILER_GENERATE_SWIFT_ASSET_SYMBOL_EXTENSIONS = YES;
				CLANG_ANALYZER_LOCALIZABILITY_NONLOCALIZED = YES;
				CLANG_ANALYZER_NONNULL = YES;
				CLANG_ANALYZER_NUMBER_OBJECT_CONVERSION = YES_AGGRESSIVE;
				CLANG_CXX_LANGUAGE_STANDARD = "gnu++20";
				CLANG_ENABLE_MODULES = YES;
				CLANG_ENABLE_OBJC_ARC = YES;
				CLANG_ENABLE_OBJC_WEAK = YES;
				CLANG_WARN_BLOCK_CAPTURE_AUTORELEASING = YES;
				CLANG_WARN_BOOL_CONVERSION = YES;
				CLANG_WARN_COMMA = YES;
				CLANG_WARN_CONSTANT_CONVERSION = YES;
				CLANG_WARN_DEPRECATED_OBJC_IMPLEMENTATIONS = YES;
				CLANG_WARN_DIRECT_OBJC_ISA_USAGE = YES_ERROR;
				CLANG_WARN_DOCUMENTATION_COMMENTS = YES;
				CLANG_WARN_EMPTY_BODY = YES;
				CLANG_WARN_ENUM_CONVERSION = YES;
				CLANG_WARN_INFINITE_RECURSION = YES;
				CLANG_WARN_INT_CONVERSION = YES;
				CLANG_WARN_NON_LITERAL_NULL_CONVERSION = YES;
				CLANG_WARN_OBJC_IMPLICIT_RETAIN_SELF = YES;
				CLANG_WARN_OBJC_LITERAL_CONVERSION = YES;
				CLANG_WARN_OBJC_ROOT_CLASS = YES_ERROR;
				CLANG_WARN_QUOTED_INCLUDE_IN_FRAMEWORK_HEADER = YES;
				CLANG_WARN_RANGE_LOOP_ANALYSIS = YES;
				CLANG_WARN_STRICT_PROTOTYPES = YES;
				CLANG_WARN_SUSPICIOUS_MOVE = YES;
				CLANG_WARN_UNGUARDED_AVAILABILITY = YES_AGGRESSIVE;
				CLANG_WARN_UNREACHABLE_CODE = YES;
				CLANG_WARN__DUPLICATE_METHOD_MATCH = YES;
				COPY_PHASE_STRIP = NO;
				DEBUG_INFORMATION_FORMAT = dwarf;
				ENABLE_STRICT_OBJC_MSGSEND = YES;
				ENABLE_TESTABILITY = YES;
				ENABLE_USER_SCRIPT_SANDBOXING = YES;
				GCC_C_LANGUAGE_STANDARD = gnu17;
				GCC_DYNAMIC_NO_PIC = NO;
				GCC_NO_COMMON_BLOCKS = YES;
				GCC_OPTIMIZATION_LEVEL = 0;
				GCC_PREPROCESSOR_DEFINITIONS = (
					"DEBUG=1",
					"$(inherited)",
				);
				GCC_WARN_64_TO_32_BIT_CONVERSION = YES;
				GCC_WARN_ABOUT_RETURN_TYPE = YES_ERROR;
				GCC_WARN_UNDECLARED_SELECTOR = YES;
				GCC_WARN_UNINITIALIZED_AUTOS = YES_AGGRESSIVE;
				GCC_WARN_UNUSED_FUNCTION = YES;
				GCC_WARN_UNUSED_VARIABLE = YES;
				IPHONEOS_DEPLOYMENT_TARGET = 17.6;
				LOCALIZATION_PREFERS_STRING_CATALOGS = YES;
				MTL_ENABLE_DEBUG_INFO = INCLUDE_SOURCE;
				MTL_FAST_MATH = YES;
				ONLY_ACTIVE_ARCH = YES;
				SDKROOT = iphoneos;
				SWIFT_ACTIVE_COMPILATION_CONDITIONS = "DEBUG $(inherited)";
				SWIFT_EMIT_LOC_STRINGS = YES;
				SWIFT_OPTIMIZATION_LEVEL = "-Onone";
			};
			name = Debug;
		};
		D9A70DD92C850B79002F6583 /* Release */ = {
			isa = XCBuildConfiguration;
			buildSettings = {
				ALWAYS_SEARCH_USER_PATHS = NO;
				ASSETCATALOG_COMPILER_GENERATE_SWIFT_ASSET_SYMBOL_EXTENSIONS = YES;
				CLANG_ANALYZER_LOCALIZABILITY_NONLOCALIZED = YES;
				CLANG_ANALYZER_NONNULL = YES;
				CLANG_ANALYZER_NUMBER_OBJECT_CONVERSION = YES_AGGRESSIVE;
				CLANG_CXX_LANGUAGE_STANDARD = "gnu++20";
				CLANG_ENABLE_MODULES = YES;
				CLANG_ENABLE_OBJC_ARC = YES;
				CLANG_ENABLE_OBJC_WEAK = YES;
				CLANG_WARN_BLOCK_CAPTURE_AUTORELEASING = YES;
				CLANG_WARN_BOOL_CONVERSION = YES;
				CLANG_WARN_COMMA = YES;
				CLANG_WARN_CONSTANT_CONVERSION = YES;
				CLANG_WARN_DEPRECATED_OBJC_IMPLEMENTATIONS = YES;
				CLANG_WARN_DIRECT_OBJC_ISA_USAGE = YES_ERROR;
				CLANG_WARN_DOCUMENTATION_COMMENTS = YES;
				CLANG_WARN_EMPTY_BODY = YES;
				CLANG_WARN_ENUM_CONVERSION = YES;
				CLANG_WARN_INFINITE_RECURSION = YES;
				CLANG_WARN_INT_CONVERSION = YES;
				CLANG_WARN_NON_LITERAL_NULL_CONVERSION = YES;
				CLANG_WARN_OBJC_IMPLICIT_RETAIN_SELF = YES;
				CLANG_WARN_OBJC_LITERAL_CONVERSION = YES;
				CLANG_WARN_OBJC_ROOT_CLASS = YES_ERROR;
				CLANG_WARN_QUOTED_INCLUDE_IN_FRAMEWORK_HEADER = YES;
				CLANG_WARN_RANGE_LOOP_ANALYSIS = YES;
				CLANG_WARN_STRICT_PROTOTYPES = YES;
				CLANG_WARN_SUSPICIOUS_MOVE = YES;
				CLANG_WARN_UNGUARDED_AVAILABILITY = YES_AGGRESSIVE;
				CLANG_WARN_UNREACHABLE_CODE = YES;
				CLANG_WARN__DUPLICATE_METHOD_MATCH = YES;
				COPY_PHASE_STRIP = NO;
				DEBUG_INFORMATION_FORMAT = "dwarf-with-dsym";
				ENABLE_NS_ASSERTIONS = NO;
				ENABLE_STRICT_OBJC_MSGSEND = YES;
				ENABLE_USER_SCRIPT_SANDBOXING = YES;
				GCC_C_LANGUAGE_STANDARD = gnu17;
				GCC_NO_COMMON_BLOCKS = YES;
				GCC_WARN_64_TO_32_BIT_CONVERSION = YES;
				GCC_WARN_ABOUT_RETURN_TYPE = YES_ERROR;
				GCC_WARN_UNDECLARED_SELECTOR = YES;
				GCC_WARN_UNINITIALIZED_AUTOS = YES_AGGRESSIVE;
				GCC_WARN_UNUSED_FUNCTION = YES;
				GCC_WARN_UNUSED_VARIABLE = YES;
				IPHONEOS_DEPLOYMENT_TARGET = 17.6;
				LOCALIZATION_PREFERS_STRING_CATALOGS = YES;
				MTL_ENABLE_DEBUG_INFO = NO;
				MTL_FAST_MATH = YES;
				SDKROOT = iphoneos;
				SWIFT_COMPILATION_MODE = wholemodule;
				SWIFT_EMIT_LOC_STRINGS = YES;
				VALIDATE_PRODUCT = YES;
			};
			name = Release;
		};
		D9A70DDB2C850B79002F6583 /* Debug */ = {
			isa = XCBuildConfiguration;
			buildSettings = {
				ASSETCATALOG_COMPILER_APPICON_NAME = AppIcon;
				ASSETCATALOG_COMPILER_GLOBAL_ACCENT_COLOR_NAME = AccentColor;
				ASSETCATALOG_COMPILER_INCLUDE_ALL_APPICON_ASSETS = NO;
				CODE_SIGN_ENTITLEMENTS = PublicSector/Resources/PublicSector.entitlements;
				CODE_SIGN_STYLE = Automatic;
				CURRENT_PROJECT_VERSION = 1;
				DEVELOPMENT_ASSET_PATHS = "\"PublicSector/Preview Content\"";
				DEVELOPMENT_TEAM = "";
				ENABLE_PREVIEWS = YES;
				ENABLE_USER_SCRIPT_SANDBOXING = NO;
				GENERATE_INFOPLIST_FILE = NO;
				INFOPLIST_FILE = PublicSector/Resources/Info.plist;
				INFOPLIST_KEY_UIApplicationSceneManifest_Generation = YES;
				INFOPLIST_KEY_UIApplicationSupportsIndirectInputEvents = YES;
				INFOPLIST_KEY_UILaunchStoryboardName = LaunchScreen;
				INFOPLIST_KEY_UISupportedInterfaceOrientations_iPad = "UIInterfaceOrientationPortrait UIInterfaceOrientationPortraitUpsideDown UIInterfaceOrientationLandscapeLeft UIInterfaceOrientationLandscapeRight";
				INFOPLIST_KEY_UISupportedInterfaceOrientations_iPhone = "UIInterfaceOrientationPortrait UIInterfaceOrientationLandscapeLeft UIInterfaceOrientationLandscapeRight";
				IPHONEOS_DEPLOYMENT_TARGET = 17.0;
				LD_RUNPATH_SEARCH_PATHS = (
					"$(inherited)",
					"@executable_path/Frameworks",
				);
				MARKETING_VERSION = 0.0.1;
				PRODUCT_BUNDLE_IDENTIFIER = com.ibadalrahman.PublicSector;
				PRODUCT_NAME = "$(TARGET_NAME)";
				SETTINGS_BUNDLE = "${PROJECT_DIR}/PublicSector/Resources/SettingsBundle/DebugSettings.bundle";
				SUPPORTED_PLATFORMS = "iphoneos iphonesimulator";
				SUPPORTS_MACCATALYST = NO;
				SUPPORTS_MAC_DESIGNED_FOR_IPHONE_IPAD = NO;
				SUPPORTS_XR_DESIGNED_FOR_IPHONE_IPAD = NO;
				SWIFT_EMIT_LOC_STRINGS = YES;
				SWIFT_VERSION = 6.0;
				TARGETED_DEVICE_FAMILY = "1,2";
			};
			name = Debug;
		};
		D9A70DDC2C850B79002F6583 /* Release */ = {
			isa = XCBuildConfiguration;
			buildSettings = {
				ASSETCATALOG_COMPILER_APPICON_NAME = AppIcon;
				ASSETCATALOG_COMPILER_GLOBAL_ACCENT_COLOR_NAME = AccentColor;
				ASSETCATALOG_COMPILER_INCLUDE_ALL_APPICON_ASSETS = NO;
				CODE_SIGN_ENTITLEMENTS = PublicSector/Resources/PublicSector.entitlements;
				CODE_SIGN_STYLE = Automatic;
				CURRENT_PROJECT_VERSION = 1;
				DEVELOPMENT_ASSET_PATHS = "\"PublicSector/Preview Content\"";
				DEVELOPMENT_TEAM = "";
				ENABLE_PREVIEWS = YES;
				ENABLE_USER_SCRIPT_SANDBOXING = NO;
				GENERATE_INFOPLIST_FILE = NO;
				INFOPLIST_FILE = PublicSector/Resources/Info.plist;
				INFOPLIST_KEY_UIApplicationSceneManifest_Generation = YES;
				INFOPLIST_KEY_UIApplicationSupportsIndirectInputEvents = YES;
				INFOPLIST_KEY_UILaunchStoryboardName = LaunchScreen;
				INFOPLIST_KEY_UISupportedInterfaceOrientations_iPad = "UIInterfaceOrientationPortrait UIInterfaceOrientationPortraitUpsideDown UIInterfaceOrientationLandscapeLeft UIInterfaceOrientationLandscapeRight";
				INFOPLIST_KEY_UISupportedInterfaceOrientations_iPhone = "UIInterfaceOrientationPortrait UIInterfaceOrientationLandscapeLeft UIInterfaceOrientationLandscapeRight";
				IPHONEOS_DEPLOYMENT_TARGET = 17.0;
				LD_RUNPATH_SEARCH_PATHS = (
					"$(inherited)",
					"@executable_path/Frameworks",
				);
				MARKETING_VERSION = 0.0.1;
				PRODUCT_BUNDLE_IDENTIFIER = com.ibadalrahman.PublicSector;
				PRODUCT_NAME = "$(TARGET_NAME)";
				SETTINGS_BUNDLE = "${PROJECT_DIR}/PublicSector/Resources/SettingsBundle/ReleaseSettings.bundle";
				SUPPORTED_PLATFORMS = "iphoneos iphonesimulator";
				SUPPORTS_MACCATALYST = NO;
				SUPPORTS_MAC_DESIGNED_FOR_IPHONE_IPAD = NO;
				SUPPORTS_XR_DESIGNED_FOR_IPHONE_IPAD = NO;
				SWIFT_EMIT_LOC_STRINGS = YES;
				SWIFT_VERSION = 6.0;
				TARGETED_DEVICE_FAMILY = "1,2";
			};
			name = Release;
		};
		D9A70DDE2C850B79002F6583 /* Debug */ = {
			isa = XCBuildConfiguration;
			buildSettings = {
				BUNDLE_LOADER = "$(TEST_HOST)";
				CODE_SIGN_STYLE = Automatic;
				CURRENT_PROJECT_VERSION = 1;
				GENERATE_INFOPLIST_FILE = NO;
				IPHONEOS_DEPLOYMENT_TARGET = 17.5;
				MARKETING_VERSION = 1.0;
				PRODUCT_BUNDLE_IDENTIFIER = org.ibadalrahman.PublicSectorTests;
				PRODUCT_NAME = "$(TARGET_NAME)";
				SWIFT_EMIT_LOC_STRINGS = NO;
				SWIFT_VERSION = 5.0;
				TARGETED_DEVICE_FAMILY = "1,2";
				TEST_HOST = "$(BUILT_PRODUCTS_DIR)/PublicSector.app/$(BUNDLE_EXECUTABLE_FOLDER_PATH)/PublicSector";
			};
			name = Debug;
		};
		D9A70DDF2C850B79002F6583 /* Release */ = {
			isa = XCBuildConfiguration;
			buildSettings = {
				BUNDLE_LOADER = "$(TEST_HOST)";
				CODE_SIGN_STYLE = Automatic;
				CURRENT_PROJECT_VERSION = 1;
				GENERATE_INFOPLIST_FILE = NO;
				IPHONEOS_DEPLOYMENT_TARGET = 17.5;
				MARKETING_VERSION = 1.0;
				PRODUCT_BUNDLE_IDENTIFIER = org.ibadalrahman.PublicSectorTests;
				PRODUCT_NAME = "$(TARGET_NAME)";
				SWIFT_EMIT_LOC_STRINGS = NO;
				SWIFT_VERSION = 5.0;
				TARGETED_DEVICE_FAMILY = "1,2";
				TEST_HOST = "$(BUILT_PRODUCTS_DIR)/PublicSector.app/$(BUNDLE_EXECUTABLE_FOLDER_PATH)/PublicSector";
			};
			name = Release;
		};
		D9A70DE12C850B79002F6583 /* Debug */ = {
			isa = XCBuildConfiguration;
			buildSettings = {
				CODE_SIGN_STYLE = Automatic;
				CURRENT_PROJECT_VERSION = 1;
				GENERATE_INFOPLIST_FILE = NO;
				MARKETING_VERSION = 1.0;
				PRODUCT_BUNDLE_IDENTIFIER = org.ibadalrahman.PublicSectorUITests;
				PRODUCT_NAME = "$(TARGET_NAME)";
				SWIFT_EMIT_LOC_STRINGS = NO;
				SWIFT_VERSION = 5.0;
				TARGETED_DEVICE_FAMILY = "1,2";
				TEST_TARGET_NAME = PublicSector;
			};
			name = Debug;
		};
		D9A70DE22C850B79002F6583 /* Release */ = {
			isa = XCBuildConfiguration;
			buildSettings = {
				CODE_SIGN_STYLE = Automatic;
				CURRENT_PROJECT_VERSION = 1;
				GENERATE_INFOPLIST_FILE = NO;
				MARKETING_VERSION = 1.0;
				PRODUCT_BUNDLE_IDENTIFIER = org.ibadalrahman.PublicSectorUITests;
				PRODUCT_NAME = "$(TARGET_NAME)";
				SWIFT_EMIT_LOC_STRINGS = NO;
				SWIFT_VERSION = 5.0;
				TARGETED_DEVICE_FAMILY = "1,2";
				TEST_TARGET_NAME = PublicSector;
			};
			name = Release;
		};
		D9EAEF652D27199200C8D1F4 /* Debug */ = {
			isa = XCBuildConfiguration;
			buildSettings = {
				ASSETCATALOG_COMPILER_GLOBAL_ACCENT_COLOR_NAME = AccentColor;
				ASSETCATALOG_COMPILER_WIDGET_BACKGROUND_COLOR_NAME = WidgetBackground;
				CODE_SIGN_ENTITLEMENTS = PrayerTimesWidget/Resources/PrayerTimesWidgetExtension.entitlements;
				CODE_SIGN_STYLE = Automatic;
				CURRENT_PROJECT_VERSION = 1;
				DEVELOPMENT_TEAM = AV5475SLZ7;
				GENERATE_INFOPLIST_FILE = NO;
				INFOPLIST_FILE = PrayerTimesWidget/Resources/Info.plist;
				INFOPLIST_KEY_CFBundleDisplayName = PrayerTimesWidget;
				INFOPLIST_KEY_NSHumanReadableCopyright = "";
				IPHONEOS_DEPLOYMENT_TARGET = 17.0;
				LD_RUNPATH_SEARCH_PATHS = (
					"$(inherited)",
					"@executable_path/Frameworks",
					"@executable_path/../../Frameworks",
				);
				MARKETING_VERSION = 0.0.1;
				PRODUCT_BUNDLE_IDENTIFIER = com.ibadalrahman.PublicSector.PrayerTimesWidget;
				PRODUCT_NAME = "$(TARGET_NAME)";
				SKIP_INSTALL = YES;
				SUPPORTED_PLATFORMS = "iphoneos iphonesimulator";
				SUPPORTS_MACCATALYST = NO;
				SUPPORTS_MAC_DESIGNED_FOR_IPHONE_IPAD = NO;
				SUPPORTS_XR_DESIGNED_FOR_IPHONE_IPAD = NO;
				SWIFT_EMIT_LOC_STRINGS = YES;
				SWIFT_VERSION = 5.0;
				TARGETED_DEVICE_FAMILY = "1,2";
			};
			name = Debug;
		};
		D9EAEF662D27199200C8D1F4 /* Release */ = {
			isa = XCBuildConfiguration;
			buildSettings = {
				ASSETCATALOG_COMPILER_GLOBAL_ACCENT_COLOR_NAME = AccentColor;
				ASSETCATALOG_COMPILER_WIDGET_BACKGROUND_COLOR_NAME = WidgetBackground;
				CODE_SIGN_ENTITLEMENTS = PrayerTimesWidget/Resources/PrayerTimesWidgetExtension.entitlements;
				CODE_SIGN_STYLE = Automatic;
				CURRENT_PROJECT_VERSION = 1;
				DEVELOPMENT_TEAM = AV5475SLZ7;
				GENERATE_INFOPLIST_FILE = NO;
				INFOPLIST_FILE = PrayerTimesWidget/Resources/Info.plist;
				INFOPLIST_KEY_CFBundleDisplayName = PrayerTimesWidget;
				INFOPLIST_KEY_NSHumanReadableCopyright = "";
				IPHONEOS_DEPLOYMENT_TARGET = 17.0;
				LD_RUNPATH_SEARCH_PATHS = (
					"$(inherited)",
					"@executable_path/Frameworks",
					"@executable_path/../../Frameworks",
				);
				MARKETING_VERSION = 0.0.1;
				PRODUCT_BUNDLE_IDENTIFIER = com.ibadalrahman.PublicSector.PrayerTimesWidget;
				PRODUCT_NAME = "$(TARGET_NAME)";
				SKIP_INSTALL = YES;
				SUPPORTED_PLATFORMS = "iphoneos iphonesimulator";
				SUPPORTS_MACCATALYST = NO;
				SUPPORTS_MAC_DESIGNED_FOR_IPHONE_IPAD = NO;
				SUPPORTS_XR_DESIGNED_FOR_IPHONE_IPAD = NO;
				SWIFT_EMIT_LOC_STRINGS = YES;
				SWIFT_VERSION = 5.0;
				TARGETED_DEVICE_FAMILY = "1,2";
			};
			name = Release;
		};
/* End XCBuildConfiguration section */

/* Begin XCConfigurationList section */
		D9A70DB12C850B78002F6583 /* Build configuration list for PBXProject "PublicSector" */ = {
			isa = XCConfigurationList;
			buildConfigurations = (
				D9A70DD82C850B79002F6583 /* Debug */,
				D9A70DD92C850B79002F6583 /* Release */,
			);
			defaultConfigurationIsVisible = 0;
			defaultConfigurationName = Release;
		};
		D9A70DDA2C850B79002F6583 /* Build configuration list for PBXNativeTarget "PublicSector" */ = {
			isa = XCConfigurationList;
			buildConfigurations = (
				D9A70DDB2C850B79002F6583 /* Debug */,
				D9A70DDC2C850B79002F6583 /* Release */,
			);
			defaultConfigurationIsVisible = 0;
			defaultConfigurationName = Release;
		};
		D9A70DDD2C850B79002F6583 /* Build configuration list for PBXNativeTarget "PublicSectorTests" */ = {
			isa = XCConfigurationList;
			buildConfigurations = (
				D9A70DDE2C850B79002F6583 /* Debug */,
				D9A70DDF2C850B79002F6583 /* Release */,
			);
			defaultConfigurationIsVisible = 0;
			defaultConfigurationName = Release;
		};
		D9A70DE02C850B79002F6583 /* Build configuration list for PBXNativeTarget "PublicSectorUITests" */ = {
			isa = XCConfigurationList;
			buildConfigurations = (
				D9A70DE12C850B79002F6583 /* Debug */,
				D9A70DE22C850B79002F6583 /* Release */,
			);
			defaultConfigurationIsVisible = 0;
			defaultConfigurationName = Release;
		};
		D9EAEF682D27199200C8D1F4 /* Build configuration list for PBXNativeTarget "PrayerTimesWidgetExtension" */ = {
			isa = XCConfigurationList;
			buildConfigurations = (
				D9EAEF652D27199200C8D1F4 /* Debug */,
				D9EAEF662D27199200C8D1F4 /* Release */,
			);
			defaultConfigurationIsVisible = 0;
			defaultConfigurationName = Release;
		};
/* End XCConfigurationList section */

/* Begin XCLocalSwiftPackageReference section */
		D9089CE22CFDC16D00881BB6 /* XCLocalSwiftPackageReference "Modules/IbadRepositories" */ = {
			isa = XCLocalSwiftPackageReference;
			relativePath = Modules/IbadRepositories;
		};
		D91BF13A2D4019B500BEB410 /* XCLocalSwiftPackageReference "Modules/IbadAnalytics" */ = {
			isa = XCLocalSwiftPackageReference;
			relativePath = Modules/IbadAnalytics;
		};
		D9DA3AAC2D161431001AB599 /* XCLocalSwiftPackageReference "Modules/IbadRemoteConfig" */ = {
			isa = XCLocalSwiftPackageReference;
			relativePath = Modules/IbadRemoteConfig;
		};
/* End XCLocalSwiftPackageReference section */

/* Begin XCRemoteSwiftPackageReference section */
		719899CE2F59F76500BC65FB /* XCRemoteSwiftPackageReference "swift-navigation" */ = {
			isa = XCRemoteSwiftPackageReference;
			repositoryURL = "https://github.com/pointfreeco/swift-navigation";
			requirement = {
				kind = upToNextMajorVersion;
				minimumVersion = 2.7.0;
			};
		};
		D91BF1242D3FDB9800BEB410 /* XCRemoteSwiftPackageReference "firebase-ios-sdk" */ = {
			isa = XCRemoteSwiftPackageReference;
			repositoryURL = "https://github.com/firebase/firebase-ios-sdk";
			requirement = {
				kind = upToNextMajorVersion;
				minimumVersion = 11.7.0;
			};
		};
		D9A6E1BB2CEC71FE006123D1 /* XCRemoteSwiftPackageReference "swift-composable-architecture" */ = {
			isa = XCRemoteSwiftPackageReference;
			repositoryURL = "https://github.com/pointfreeco/swift-composable-architecture";
			requirement = {
				kind = upToNextMajorVersion;
				minimumVersion = 1.17.1;
			};
		};
/* End XCRemoteSwiftPackageReference section */

/* Begin XCSwiftPackageProductDependency section */
		719899CF2F59F76500BC65FB /* SwiftNavigation */ = {
			isa = XCSwiftPackageProductDependency;
			package = 719899CE2F59F76500BC65FB /* XCRemoteSwiftPackageReference "swift-navigation" */;
			productName = SwiftNavigation;
		};
		719899D12F59F76500BC65FB /* SwiftUINavigation */ = {
			isa = XCSwiftPackageProductDependency;
			package = 719899CE2F59F76500BC65FB /* XCRemoteSwiftPackageReference "swift-navigation" */;
			productName = SwiftUINavigation;
		};
		D9089CE32CFDC16D00881BB6 /* IbadRepositories */ = {
			isa = XCSwiftPackageProductDependency;
			productName = IbadRepositories;
		};
		D91BF1252D3FDB9800BEB410 /* FirebaseAnalytics */ = {
			isa = XCSwiftPackageProductDependency;
			package = D91BF1242D3FDB9800BEB410 /* XCRemoteSwiftPackageReference "firebase-ios-sdk" */;
			productName = FirebaseAnalytics;
		};
		D91BF1272D3FDB9800BEB410 /* FirebaseCore */ = {
			isa = XCSwiftPackageProductDependency;
			package = D91BF1242D3FDB9800BEB410 /* XCRemoteSwiftPackageReference "firebase-ios-sdk" */;
			productName = FirebaseCore;
		};
		D91BF1292D3FDB9800BEB410 /* FirebaseCrashlytics */ = {
			isa = XCSwiftPackageProductDependency;
			package = D91BF1242D3FDB9800BEB410 /* XCRemoteSwiftPackageReference "firebase-ios-sdk" */;
			productName = FirebaseCrashlytics;
		};
		D91BF12B2D3FDB9800BEB410 /* FirebaseRemoteConfig */ = {
			isa = XCSwiftPackageProductDependency;
			package = D91BF1242D3FDB9800BEB410 /* XCRemoteSwiftPackageReference "firebase-ios-sdk" */;
			productName = FirebaseRemoteConfig;
		};
		D91BF13B2D4019B500BEB410 /* IbadAnalytics */ = {
			isa = XCSwiftPackageProductDependency;
			productName = IbadAnalytics;
		};
		D9A6E1BC2CEC71FE006123D1 /* ComposableArchitecture */ = {
			isa = XCSwiftPackageProductDependency;
			package = D9A6E1BB2CEC71FE006123D1 /* XCRemoteSwiftPackageReference "swift-composable-architecture" */;
			productName = ComposableArchitecture;
		};
		D9DA3AAD2D161431001AB599 /* IbadRemoteConfig */ = {
			isa = XCSwiftPackageProductDependency;
			productName = IbadRemoteConfig;
		};
		D9EAEF752D29461E00C8D1F4 /* IbadRepositories */ = {
			isa = XCSwiftPackageProductDependency;
			productName = IbadRepositories;
		};
		D9EAEF7C2D29469800C8D1F4 /* ComposableArchitecture */ = {
			isa = XCSwiftPackageProductDependency;
			package = D9A6E1BB2CEC71FE006123D1 /* XCRemoteSwiftPackageReference "swift-composable-architecture" */;
			productName = ComposableArchitecture;
		};
/* End XCSwiftPackageProductDependency section */
	};
	rootObject = D9A70DAE2C850B78002F6583 /* Project object */;
}
